
Microsoft Visual Studio Solution File, Format Version 12.00
# Visual Studio Version 17
VisualStudioVersion = 17.11.35222.181
MinimumVisualStudioVersion = 10.0.40219.1
Project("{9A19103F-16F7-4668-BE54-9A1E7A4F7556}") = "KSW.ATE01.Pattern.Start", "KSW.ATE01.Pattern.Start\KSW.ATE01.Pattern.Start.csproj", "{4FBC8EBB-46DC-4B5D-A3B7-0396CFAA8C51}"
EndProject
Project("{2150E333-8FDC-42A3-9474-1A3956D46DE8}") = "src-platform", "src-platform", "{9E165F3F-DA9C-4AC6-BC1B-27A7ECB8DDC4}"
EndProject
Project("{9A19103F-16F7-4668-BE54-9A1E7A4F7556}") = "KSW.Core", "..\..\src\src-platform\KSW.Core\KSW.Core.csproj", "{0D32556D-0016-431D-B35D-6534261CB378}"
EndProject
Project("{9A19103F-16F7-4668-BE54-9A1E7A4F7556}") = "KSW.Aop.AspectCore", "..\..\src\src-platform\KSW.Aop.AspectCore\KSW.Aop.AspectCore.csproj", "{66E01EFA-4113-4094-9BAE-24D855BC4702}"
EndProject
Project("{9A19103F-16F7-4668-BE54-9A1E7A4F7556}") = "KSW.Application", "..\..\src\src-platform\KSW.Application\KSW.Application.csproj", "{0B872AD1-775B-4699-969E-530637A41051}"
EndProject
Project("{9A19103F-16F7-4668-BE54-9A1E7A4F7556}") = "KSW.Data.Abstractions", "..\..\src\src-platform\KSW.Data.Abstractions\KSW.Data.Abstractions.csproj", "{4E2C87D9-056A-4790-AB1F-5ED7A1B3C4ED}"
EndProject
Project("{9A19103F-16F7-4668-BE54-9A1E7A4F7556}") = "KSW.Data.Core", "..\..\src\src-platform\KSW.Data.Core\KSW.Data.Core.csproj", "{F5363C07-7308-4DAC-BA5F-EBB03BAC7258}"
EndProject
Project("{9A19103F-16F7-4668-BE54-9A1E7A4F7556}") = "KSW.Data.EntityFrameworkCore", "..\..\src\src-platform\KSW.Data.EntityFrameworkCore\KSW.Data.EntityFrameworkCore.csproj", "{11FBD7A8-28C5-4DF6-B125-91979CC2F53C}"
EndProject
Project("{9A19103F-16F7-4668-BE54-9A1E7A4F7556}") = "KSW.Data.EntityFrameworkCore.Sqlite", "..\..\src\src-platform\KSW.Data.EntityFrameworkCore.Sqlite\KSW.Data.EntityFrameworkCore.Sqlite.csproj", "{5707D1CD-0E0A-42BA-9C5B-63E731E868F8}"
EndProject
Project("{9A19103F-16F7-4668-BE54-9A1E7A4F7556}") = "KSW.Domain", "..\..\src\src-platform\KSW.Domain\KSW.Domain.csproj", "{E7FE9963-E51E-4CE6-8193-EB36EE42015B}"
EndProject
Project("{9A19103F-16F7-4668-BE54-9A1E7A4F7556}") = "KSW.Migrations", "..\..\src\src-platform\KSW.Migrations\KSW.Migrations.csproj", "{03B93B32-A98B-44CF-95A2-CBE03C7DB350}"
EndProject
Project("{9A19103F-16F7-4668-BE54-9A1E7A4F7556}") = "KSW.ObjectMapping.AutoMapper", "..\..\src\src-platform\KSW.ObjectMapping.AutoMapper\KSW.ObjectMapping.AutoMapper.csproj", "{D63C9ABD-5196-4500-8696-12CBF639E598}"
EndProject
Project("{9A19103F-16F7-4668-BE54-9A1E7A4F7556}") = "KSW.UI.WPF", "..\..\src\src-platform\KSW.UI.WPF\KSW.UI.WPF.csproj", "{84C0CC53-958B-44E1-9891-020E096AF956}"
EndProject
Project("{9A19103F-16F7-4668-BE54-9A1E7A4F7556}") = "KSW.Validators", "..\..\src\src-platform\KSW.Validators\KSW.Validators.csproj", "{30AA333E-1E07-4997-AE9F-96546524AA36}"
EndProject
Project("{2150E333-8FDC-42A3-9474-1A3956D46DE8}") = "build", "build", "{37D59299-9DC7-43D1-B596-31A3E82D2439}"
	ProjectSection(SolutionItems) = preProject
		..\..\build\common.props = ..\..\build\common.props
		..\..\build\version.props = ..\..\build\version.props
	EndProjectSection
EndProject
Project("{FAE04EC0-301F-11D3-BF4B-00C04F79EFBC}") = "KSW.ATE01.Pattern.Application", "KSW.ATE01.Pattern.Application\KSW.ATE01.Pattern.Application.csproj", "{AAB60ADE-C8C2-456B-91C2-A5356AB3F790}"
EndProject
Project("{FAE04EC0-301F-11D3-BF4B-00C04F79EFBC}") = "KSW.ATE01.Pattern.Application.Models", "KSW.ATE01.Pattern.Application.Models\KSW.ATE01.Pattern.Application.Models.csproj", "{8BBB3BCC-2F61-4B79-8873-634640CDEC97}"
EndProject
Project("{FAE04EC0-301F-11D3-BF4B-00C04F79EFBC}") = "KSW.ATE01.Pattern.Domain.Projects", "KSW.ATE01.Pattern.Domain.Projects\KSW.ATE01.Pattern.Domain.Projects.csproj", "{FA306921-BA18-4BC0-89B0-F20E4B859DA6}"
EndProject
Project("{FAE04EC0-301F-11D3-BF4B-00C04F79EFBC}") = "KSW.ATE01.Pattern.Domain.Projects.Core", "KSW.ATE01.Pattern.Domain.Projects.Core\KSW.ATE01.Pattern.Domain.Projects.Core.csproj", "{60681767-3F5F-4D34-9A46-1D59C3C2AFD5}"
EndProject
Project("{FAE04EC0-301F-11D3-BF4B-00C04F79EFBC}") = "KSW.ATE01.Pattern.Application.Events", "KSW.ATE01.Pattern.Application.Events\KSW.ATE01.Pattern.Application.Events.csproj", "{DECD17C8-3B77-458E-B2DC-F6529E2A6AD1}"
EndProject
Project("{2150E333-8FDC-42A3-9474-1A3956D46DE8}") = "01-Presentation", "01-Presentation", "{12F47513-0512-4105-9A49-4B98D31047B2}"
EndProject
Project("{2150E333-8FDC-42A3-9474-1A3956D46DE8}") = "02-Application", "02-Application", "{68D2401D-A3DC-4A57-A016-A583FBA8DAC5}"
EndProject
Project("{2150E333-8FDC-42A3-9474-1A3956D46DE8}") = "03-Domain", "03-Domain", "{AD90DCA8-B106-493C-AC9C-FA7EB08B3E72}"
EndProject
Project("{FAE04EC0-301F-11D3-BF4B-00C04F79EFBC}") = "KSW.ATE01.Pattern.Domain.Instruments", "KSW.ATE01.Pattern.Domain.Instruments\KSW.ATE01.Pattern.Domain.Instruments.csproj", "{3095EFAC-81FC-4C01-AFC7-1006093D7111}"
EndProject
Project("{FAE04EC0-301F-11D3-BF4B-00C04F79EFBC}") = "KSW.ATE01.Pattern.Domain.Instruments.Core", "KSW.ATE01.Pattern.Domain.Instruments.Core\KSW.ATE01.Pattern.Domain.Instruments.Core.csproj", "{B8BB2845-70D2-48AE-B13C-2C1E195E80A2}"
EndProject
Global
	GlobalSection(SolutionConfigurationPlatforms) = preSolution
		Debug|Any CPU = Debug|Any CPU
		Release|Any CPU = Release|Any CPU
	EndGlobalSection
	GlobalSection(ProjectConfigurationPlatforms) = postSolution
		{4FBC8EBB-46DC-4B5D-A3B7-0396CFAA8C51}.Debug|Any CPU.ActiveCfg = Debug|Any CPU
		{4FBC8EBB-46DC-4B5D-A3B7-0396CFAA8C51}.Debug|Any CPU.Build.0 = Debug|Any CPU
		{4FBC8EBB-46DC-4B5D-A3B7-0396CFAA8C51}.Release|Any CPU.ActiveCfg = Release|Any CPU
		{4FBC8EBB-46DC-4B5D-A3B7-0396CFAA8C51}.Release|Any CPU.Build.0 = Release|Any CPU
		{0D32556D-0016-431D-B35D-6534261CB378}.Debug|Any CPU.ActiveCfg = Debug|Any CPU
		{0D32556D-0016-431D-B35D-6534261CB378}.Debug|Any CPU.Build.0 = Debug|Any CPU
		{0D32556D-0016-431D-B35D-6534261CB378}.Release|Any CPU.ActiveCfg = Release|Any CPU
		{0D32556D-0016-431D-B35D-6534261CB378}.Release|Any CPU.Build.0 = Release|Any CPU
		{66E01EFA-4113-4094-9BAE-24D855BC4702}.Debug|Any CPU.ActiveCfg = Debug|Any CPU
		{66E01EFA-4113-4094-9BAE-24D855BC4702}.Debug|Any CPU.Build.0 = Debug|Any CPU
		{66E01EFA-4113-4094-9BAE-24D855BC4702}.Release|Any CPU.ActiveCfg = Release|Any CPU
		{66E01EFA-4113-4094-9BAE-24D855BC4702}.Release|Any CPU.Build.0 = Release|Any CPU
		{0B872AD1-775B-4699-969E-530637A41051}.Debug|Any CPU.ActiveCfg = Debug|Any CPU
		{0B872AD1-775B-4699-969E-530637A41051}.Debug|Any CPU.Build.0 = Debug|Any CPU
		{0B872AD1-775B-4699-969E-530637A41051}.Release|Any CPU.ActiveCfg = Release|Any CPU
		{0B872AD1-775B-4699-969E-530637A41051}.Release|Any CPU.Build.0 = Release|Any CPU
		{4E2C87D9-056A-4790-AB1F-5ED7A1B3C4ED}.Debug|Any CPU.ActiveCfg = Debug|Any CPU
		{4E2C87D9-056A-4790-AB1F-5ED7A1B3C4ED}.Debug|Any CPU.Build.0 = Debug|Any CPU
		{4E2C87D9-056A-4790-AB1F-5ED7A1B3C4ED}.Release|Any CPU.ActiveCfg = Release|Any CPU
		{4E2C87D9-056A-4790-AB1F-5ED7A1B3C4ED}.Release|Any CPU.Build.0 = Release|Any CPU
		{F5363C07-7308-4DAC-BA5F-EBB03BAC7258}.Debug|Any CPU.ActiveCfg = Debug|Any CPU
		{F5363C07-7308-4DAC-BA5F-EBB03BAC7258}.Debug|Any CPU.Build.0 = Debug|Any CPU
		{F5363C07-7308-4DAC-BA5F-EBB03BAC7258}.Release|Any CPU.ActiveCfg = Release|Any CPU
		{F5363C07-7308-4DAC-BA5F-EBB03BAC7258}.Release|Any CPU.Build.0 = Release|Any CPU
		{11FBD7A8-28C5-4DF6-B125-91979CC2F53C}.Debug|Any CPU.ActiveCfg = Debug|Any CPU
		{11FBD7A8-28C5-4DF6-B125-91979CC2F53C}.Debug|Any CPU.Build.0 = Debug|Any CPU
		{11FBD7A8-28C5-4DF6-B125-91979CC2F53C}.Release|Any CPU.ActiveCfg = Release|Any CPU
		{11FBD7A8-28C5-4DF6-B125-91979CC2F53C}.Release|Any CPU.Build.0 = Release|Any CPU
		{5707D1CD-0E0A-42BA-9C5B-63E731E868F8}.Debug|Any CPU.ActiveCfg = Debug|Any CPU
		{5707D1CD-0E0A-42BA-9C5B-63E731E868F8}.Debug|Any CPU.Build.0 = Debug|Any CPU
		{5707D1CD-0E0A-42BA-9C5B-63E731E868F8}.Release|Any CPU.ActiveCfg = Release|Any CPU
		{5707D1CD-0E0A-42BA-9C5B-63E731E868F8}.Release|Any CPU.Build.0 = Release|Any CPU
		{E7FE9963-E51E-4CE6-8193-EB36EE42015B}.Debug|Any CPU.ActiveCfg = Debug|Any CPU
		{E7FE9963-E51E-4CE6-8193-EB36EE42015B}.Debug|Any CPU.Build.0 = Debug|Any CPU
		{E7FE9963-E51E-4CE6-8193-EB36EE42015B}.Release|Any CPU.ActiveCfg = Release|Any CPU
		{E7FE9963-E51E-4CE6-8193-EB36EE42015B}.Release|Any CPU.Build.0 = Release|Any CPU
		{03B93B32-A98B-44CF-95A2-CBE03C7DB350}.Debug|Any CPU.ActiveCfg = Debug|Any CPU
		{03B93B32-A98B-44CF-95A2-CBE03C7DB350}.Debug|Any CPU.Build.0 = Debug|Any CPU
		{03B93B32-A98B-44CF-95A2-CBE03C7DB350}.Release|Any CPU.ActiveCfg = Release|Any CPU
		{03B93B32-A98B-44CF-95A2-CBE03C7DB350}.Release|Any CPU.Build.0 = Release|Any CPU
		{D63C9ABD-5196-4500-8696-12CBF639E598}.Debug|Any CPU.ActiveCfg = Debug|Any CPU
		{D63C9ABD-5196-4500-8696-12CBF639E598}.Debug|Any CPU.Build.0 = Debug|Any CPU
		{D63C9ABD-5196-4500-8696-12CBF639E598}.Release|Any CPU.ActiveCfg = Release|Any CPU
		{D63C9ABD-5196-4500-8696-12CBF639E598}.Release|Any CPU.Build.0 = Release|Any CPU
		{84C0CC53-958B-44E1-9891-020E096AF956}.Debug|Any CPU.ActiveCfg = Debug|Any CPU
		{84C0CC53-958B-44E1-9891-020E096AF956}.Debug|Any CPU.Build.0 = Debug|Any CPU
		{84C0CC53-958B-44E1-9891-020E096AF956}.Release|Any CPU.ActiveCfg = Release|Any CPU
		{84C0CC53-958B-44E1-9891-020E096AF956}.Release|Any CPU.Build.0 = Release|Any CPU
		{30AA333E-1E07-4997-AE9F-96546524AA36}.Debug|Any CPU.ActiveCfg = Debug|Any CPU
		{30AA333E-1E07-4997-AE9F-96546524AA36}.Debug|Any CPU.Build.0 = Debug|Any CPU
		{30AA333E-1E07-4997-AE9F-96546524AA36}.Release|Any CPU.ActiveCfg = Release|Any CPU
		{30AA333E-1E07-4997-AE9F-96546524AA36}.Release|Any CPU.Build.0 = Release|Any CPU
		{AAB60ADE-C8C2-456B-91C2-A5356AB3F790}.Debug|Any CPU.ActiveCfg = Debug|Any CPU
		{AAB60ADE-C8C2-456B-91C2-A5356AB3F790}.Debug|Any CPU.Build.0 = Debug|Any CPU
		{AAB60ADE-C8C2-456B-91C2-A5356AB3F790}.Release|Any CPU.ActiveCfg = Release|Any CPU
		{AAB60ADE-C8C2-456B-91C2-A5356AB3F790}.Release|Any CPU.Build.0 = Release|Any CPU
		{8BBB3BCC-2F61-4B79-8873-634640CDEC97}.Debug|Any CPU.ActiveCfg = Debug|Any CPU
		{8BBB3BCC-2F61-4B79-8873-634640CDEC97}.Debug|Any CPU.Build.0 = Debug|Any CPU
		{8BBB3BCC-2F61-4B79-8873-634640CDEC97}.Release|Any CPU.ActiveCfg = Release|Any CPU
		{8BBB3BCC-2F61-4B79-8873-634640CDEC97}.Release|Any CPU.Build.0 = Release|Any CPU
		{FA306921-BA18-4BC0-89B0-F20E4B859DA6}.Debug|Any CPU.ActiveCfg = Debug|Any CPU
		{FA306921-BA18-4BC0-89B0-F20E4B859DA6}.Debug|Any CPU.Build.0 = Debug|Any CPU
		{FA306921-BA18-4BC0-89B0-F20E4B859DA6}.Release|Any CPU.ActiveCfg = Release|Any CPU
		{FA306921-BA18-4BC0-89B0-F20E4B859DA6}.Release|Any CPU.Build.0 = Release|Any CPU
		{60681767-3F5F-4D34-9A46-1D59C3C2AFD5}.Debug|Any CPU.ActiveCfg = Debug|Any CPU
		{60681767-3F5F-4D34-9A46-1D59C3C2AFD5}.Debug|Any CPU.Build.0 = Debug|Any CPU
		{60681767-3F5F-4D34-9A46-1D59C3C2AFD5}.Release|Any CPU.ActiveCfg = Release|Any CPU
		{60681767-3F5F-4D34-9A46-1D59C3C2AFD5}.Release|Any CPU.Build.0 = Release|Any CPU
		{DECD17C8-3B77-458E-B2DC-F6529E2A6AD1}.Debug|Any CPU.ActiveCfg = Debug|Any CPU
		{DECD17C8-3B77-458E-B2DC-F6529E2A6AD1}.Debug|Any CPU.Build.0 = Debug|Any CPU
		{DECD17C8-3B77-458E-B2DC-F6529E2A6AD1}.Release|Any CPU.ActiveCfg = Release|Any CPU
		{DECD17C8-3B77-458E-B2DC-F6529E2A6AD1}.Release|Any CPU.Build.0 = Release|Any CPU
		{3095EFAC-81FC-4C01-AFC7-1006093D7111}.Debug|Any CPU.ActiveCfg = Debug|Any CPU
		{3095EFAC-81FC-4C01-AFC7-1006093D7111}.Debug|Any CPU.Build.0 = Debug|Any CPU
		{3095EFAC-81FC-4C01-AFC7-1006093D7111}.Release|Any CPU.ActiveCfg = Release|Any CPU
		{3095EFAC-81FC-4C01-AFC7-1006093D7111}.Release|Any CPU.Build.0 = Release|Any CPU
		{B8BB2845-70D2-48AE-B13C-2C1E195E80A2}.Debug|Any CPU.ActiveCfg = Debug|Any CPU
		{B8BB2845-70D2-48AE-B13C-2C1E195E80A2}.Debug|Any CPU.Build.0 = Debug|Any CPU
		{B8BB2845-70D2-48AE-B13C-2C1E195E80A2}.Release|Any CPU.ActiveCfg = Release|Any CPU
		{B8BB2845-70D2-48AE-B13C-2C1E195E80A2}.Release|Any CPU.Build.0 = Release|Any CPU
	EndGlobalSection
	GlobalSection(SolutionProperties) = preSolution
		HideSolutionNode = FALSE
	EndGlobalSection
	GlobalSection(NestedProjects) = preSolution
		{4FBC8EBB-46DC-4B5D-A3B7-0396CFAA8C51} = {12F47513-0512-4105-9A49-4B98D31047B2}
		{0D32556D-0016-431D-B35D-6534261CB378} = {9E165F3F-DA9C-4AC6-BC1B-27A7ECB8DDC4}
		{66E01EFA-4113-4094-9BAE-24D855BC4702} = {9E165F3F-DA9C-4AC6-BC1B-27A7ECB8DDC4}
		{0B872AD1-775B-4699-969E-530637A41051} = {9E165F3F-DA9C-4AC6-BC1B-27A7ECB8DDC4}
		{4E2C87D9-056A-4790-AB1F-5ED7A1B3C4ED} = {9E165F3F-DA9C-4AC6-BC1B-27A7ECB8DDC4}
		{F5363C07-7308-4DAC-BA5F-EBB03BAC7258} = {9E165F3F-DA9C-4AC6-BC1B-27A7ECB8DDC4}
		{11FBD7A8-28C5-4DF6-B125-91979CC2F53C} = {9E165F3F-DA9C-4AC6-BC1B-27A7ECB8DDC4}
		{5707D1CD-0E0A-42BA-9C5B-63E731E868F8} = {9E165F3F-DA9C-4AC6-BC1B-27A7ECB8DDC4}
		{E7FE9963-E51E-4CE6-8193-EB36EE42015B} = {9E165F3F-DA9C-4AC6-BC1B-27A7ECB8DDC4}
		{03B93B32-A98B-44CF-95A2-CBE03C7DB350} = {9E165F3F-DA9C-4AC6-BC1B-27A7ECB8DDC4}
		{D63C9ABD-5196-4500-8696-12CBF639E598} = {9E165F3F-DA9C-4AC6-BC1B-27A7ECB8DDC4}
		{84C0CC53-958B-44E1-9891-020E096AF956} = {9E165F3F-DA9C-4AC6-BC1B-27A7ECB8DDC4}
		{30AA333E-1E07-4997-AE9F-96546524AA36} = {9E165F3F-DA9C-4AC6-BC1B-27A7ECB8DDC4}
		{AAB60ADE-C8C2-456B-91C2-A5356AB3F790} = {68D2401D-A3DC-4A57-A016-A583FBA8DAC5}
		{8BBB3BCC-2F61-4B79-8873-634640CDEC97} = {68D2401D-A3DC-4A57-A016-A583FBA8DAC5}
		{FA306921-BA18-4BC0-89B0-F20E4B859DA6} = {AD90DCA8-B106-493C-AC9C-FA7EB08B3E72}
		{60681767-3F5F-4D34-9A46-1D59C3C2AFD5} = {AD90DCA8-B106-493C-AC9C-FA7EB08B3E72}
		{DECD17C8-3B77-458E-B2DC-F6529E2A6AD1} = {68D2401D-A3DC-4A57-A016-A583FBA8DAC5}
		{3095EFAC-81FC-4C01-AFC7-1006093D7111} = {AD90DCA8-B106-493C-AC9C-FA7EB08B3E72}
		{B8BB2845-70D2-48AE-B13C-2C1E195E80A2} = {AD90DCA8-B106-493C-AC9C-FA7EB08B3E72}
	EndGlobalSection
	GlobalSection(ExtensibilityGlobals) = postSolution
		SolutionGuid = {1271E5FA-B642-45F8-A3DC-EC3A7D104379}
	EndGlobalSection
EndGlobal
