
Microsoft Visual Studio Solution File, Format Version 12.00
# Visual Studio Version 17
VisualStudioVersion = 17.11.35222.181
MinimumVisualStudioVersion = 10.0.40219.1
Project("{2150E333-8FDC-42A3-9474-1A3956D46DE8}") = "build", "build", "{84CF1180-4F6B-4AC6-BCBD-0AA561FB8963}"
	ProjectSection(SolutionItems) = preProject
		build\common.props = build\common.props
		build\version.props = build\version.props
	EndProjectSection
EndProject
Project("{2150E333-8FDC-42A3-9474-1A3956D46DE8}") = "src", "src", "{ED6581E4-03F8-4267-A3E8-0CFB93849E1F}"
EndProject
Project("{2150E333-8FDC-42A3-9474-1A3956D46DE8}") = "src-platform", "src-platform", "{03D6EE20-68A1-4AE0-9CAF-9ABA53B0602A}"
EndProject
Project("{2150E333-8FDC-42A3-9474-1A3956D46DE8}") = "01-Presentation", "01-Presentation", "{22943F5B-C949-4B7F-A856-E01B0A687204}"
EndProject
Project("{2150E333-8FDC-42A3-9474-1A3956D46DE8}") = "02-Application", "02-Application", "{901DFD80-944B-49EF-AD7E-38F799A5BB24}"
EndProject
Project("{2150E333-8FDC-42A3-9474-1A3956D46DE8}") = "03-Domain", "03-Domain", "{D7671F01-C5FC-4BFF-9E10-F07A5E97D882}"
EndProject
Project("{2150E333-8FDC-42A3-9474-1A3956D46DE8}") = "04-Infrastructure", "04-Infrastructure", "{571350C5-9172-4E3C-92C6-DF5C035D19C1}"
EndProject
Project("{2150E333-8FDC-42A3-9474-1A3956D46DE8}") = "05-Comman", "05-Comman", "{041C7E79-076F-4085-854E-E26D84A72372}"
EndProject
Project("{9A19103F-16F7-4668-BE54-9A1E7A4F7556}") = "KSW.ATE01.Start", "src\KSW.ATE01.Start\KSW.ATE01.Start.csproj", "{AB87052D-A018-40D6-AD76-22A739A82CE9}"
EndProject
Project("{9A19103F-16F7-4668-BE54-9A1E7A4F7556}") = "KSW.ATE01.Data", "src\KSW.ATE01.Data\KSW.ATE01.Data.csproj", "{025F87ED-6BE5-4C38-8564-4AAE4AF1B321}"
EndProject
Project("{9A19103F-16F7-4668-BE54-9A1E7A4F7556}") = "KSW.ATE01.Sqlite", "src\KSW.ATE01.Sqlite\KSW.ATE01.Sqlite.csproj", "{DD9E132C-E4B7-44F3-A80E-DA1B81A4D7CA}"
EndProject
Project("{9A19103F-16F7-4668-BE54-9A1E7A4F7556}") = "KSW.ATE01.Common", "src\KSW.ATE01.Common\KSW.ATE01.Common.csproj", "{3584FC0B-9A76-4D99-99D6-CF2E5DF37825}"
EndProject
Project("{2150E333-8FDC-42A3-9474-1A3956D46DE8}") = "Solution Items", "Solution Items", "{A27A4990-9F45-46FA-AC3F-7B17970295F1}"
	ProjectSection(SolutionItems) = preProject
		.editorconfig = .editorconfig
	EndProjectSection
EndProject
Project("{9A19103F-16F7-4668-BE54-9A1E7A4F7556}") = "KSW.ATE01.Application", "src\KSW.ATE01.Application\KSW.ATE01.Application.csproj", "{446F9192-6FCD-451A-973B-890A7722482F}"
EndProject
Project("{9A19103F-16F7-4668-BE54-9A1E7A4F7556}") = "KSW.ATE01.Application.Models", "src\KSW.ATE01.Application.Models\KSW.ATE01.Application.Models.csproj", "{4E19F16B-B58E-4AA7-83B5-C2D142601226}"
EndProject
Project("{9A19103F-16F7-4668-BE54-9A1E7A4F7556}") = "KSW.ATE01.Domain.Projects", "src\KSW.ATE01.Domain.Projects\KSW.ATE01.Domain.Projects.csproj", "{1EE191EC-16A9-458D-9F9F-9CB087D04576}"
EndProject
Project("{9A19103F-16F7-4668-BE54-9A1E7A4F7556}") = "KSW.ATE01.Domain.Projects.Core", "src\KSW.ATE01.Domain.Projects.Core\KSW.ATE01.Domain.Projects.Core.csproj", "{20788514-6D20-4119-8F0F-64347E3DC7B0}"
EndProject
Project("{9A19103F-16F7-4668-BE54-9A1E7A4F7556}") = "KSW.ATE01.Application.Events", "src\KSW.ATE01.Application.Events\KSW.ATE01.Application.Events.csproj", "{A7E09AAF-22C4-4158-B04F-F32BE346FAC6}"
EndProject
Project("{9A19103F-16F7-4668-BE54-9A1E7A4F7556}") = "KSW.ATE01.Domain.TestPlan", "src\KSW.ATE01.Domain.TestPlan\KSW.ATE01.Domain.TestPlan.csproj", "{2228B998-EEC4-442A-85BD-0E039E06CF1A}"
EndProject
Project("{9A19103F-16F7-4668-BE54-9A1E7A4F7556}") = "KSW.ATE01.Domain.TestPlan.Core", "src\KSW.ATE01.Domain.TestPlan.Core\KSW.ATE01.Domain.TestPlan.Core.csproj", "{088EDCFC-D4EC-4D70-AF9E-7F9BF8DE0A1A}"
EndProject
Project("{FAE04EC0-301F-11D3-BF4B-00C04F79EFBC}") = "KSW.ATE01.Domain.RealTimeTxt", "src\KSW.ATE01.Domain.RealTimeTxt\KSW.ATE01.Domain.RealTimeTxt.csproj", "{C6C9C762-BFFA-4BFA-9B3C-A60874659ABB}"
EndProject
Project("{FAE04EC0-301F-11D3-BF4B-00C04F79EFBC}") = "KSW.ATE01.Domain.RealTimeTxt.Core", "src\KSW.ATE01.Domain.RealTimeTxt.Core\KSW.ATE01.Domain.RealTimeTxt.Core.csproj", "{6B65D290-3DD9-4A48-B0BD-FC26761AAE8C}"
EndProject
Project("{FAE04EC0-301F-11D3-BF4B-00C04F79EFBC}") = "KSW.Aop.AspectCore", "src-platform\KSW.Aop.AspectCore\KSW.Aop.AspectCore.csproj", "{6068D20C-B13C-42F8-97F5-2C9A2E9CF6D8}"
EndProject
Project("{FAE04EC0-301F-11D3-BF4B-00C04F79EFBC}") = "KSW.Application", "src-platform\KSW.Application\KSW.Application.csproj", "{A866B947-091B-BB6B-E7AB-45598595A6E6}"
EndProject
Project("{FAE04EC0-301F-11D3-BF4B-00C04F79EFBC}") = "KSW.Core", "src-platform\KSW.Core\KSW.Core.csproj", "{F9615B41-F750-C7F2-17BD-CF1C80DFBE2B}"
EndProject
Project("{FAE04EC0-301F-11D3-BF4B-00C04F79EFBC}") = "KSW.Data.Abstractions", "src-platform\KSW.Data.Abstractions\KSW.Data.Abstractions.csproj", "{97CE1C3F-EEB5-CB72-FB0A-D30EDCACCB10}"
EndProject
Project("{FAE04EC0-301F-11D3-BF4B-00C04F79EFBC}") = "KSW.Data.Core", "src-platform\KSW.Data.Core\KSW.Data.Core.csproj", "{6BABA94F-586F-690A-F293-FFB15FAEFC16}"
EndProject
Project("{FAE04EC0-301F-11D3-BF4B-00C04F79EFBC}") = "KSW.Data.EntityFrameworkCore", "src-platform\KSW.Data.EntityFrameworkCore\KSW.Data.EntityFrameworkCore.csproj", "{318CE5AA-DBA9-B9AF-C975-0D7C97A6244B}"
EndProject
Project("{FAE04EC0-301F-11D3-BF4B-00C04F79EFBC}") = "KSW.Domain", "src-platform\KSW.Domain\KSW.Domain.csproj", "{5852BD86-E215-093F-61BD-8919D89CB9AE}"
EndProject
Project("{FAE04EC0-301F-11D3-BF4B-00C04F79EFBC}") = "KSW.Data.EntityFrameworkCore.Sqlite", "src-platform\KSW.Data.EntityFrameworkCore.Sqlite\KSW.Data.EntityFrameworkCore.Sqlite.csproj", "{33B37813-C088-765E-79ED-FC6F2E42C0DF}"
EndProject
Project("{FAE04EC0-301F-11D3-BF4B-00C04F79EFBC}") = "KSW.Migrations", "src-platform\KSW.Migrations\KSW.Migrations.csproj", "{19D12D0B-6AD5-C1D9-4C0F-E6AA39967888}"
EndProject
Project("{FAE04EC0-301F-11D3-BF4B-00C04F79EFBC}") = "KSW.ObjectMapping.AutoMapper", "src-platform\KSW.ObjectMapping.AutoMapper\KSW.ObjectMapping.AutoMapper.csproj", "{48CC11D3-EC70-C216-AA1F-BF8E7C34877A}"
EndProject
Project("{FAE04EC0-301F-11D3-BF4B-00C04F79EFBC}") = "KSW.UI.WPF", "src-platform\KSW.UI.WPF\KSW.UI.WPF.csproj", "{A5DFF489-C84F-F4E0-D54F-06C40AEEA3DC}"
EndProject
Project("{FAE04EC0-301F-11D3-BF4B-00C04F79EFBC}") = "KSW.Validators", "src-platform\KSW.Validators\KSW.Validators.csproj", "{0B28D25F-1772-1E61-9513-4DAB2F521ED5}"
EndProject
Global
	GlobalSection(SolutionConfigurationPlatforms) = preSolution
		Debug|Any CPU = Debug|Any CPU
		Release|Any CPU = Release|Any CPU
	EndGlobalSection
	GlobalSection(ProjectConfigurationPlatforms) = postSolution
		{AB87052D-A018-40D6-AD76-22A739A82CE9}.Debug|Any CPU.ActiveCfg = Debug|Any CPU
		{AB87052D-A018-40D6-AD76-22A739A82CE9}.Debug|Any CPU.Build.0 = Debug|Any CPU
		{AB87052D-A018-40D6-AD76-22A739A82CE9}.Release|Any CPU.ActiveCfg = Release|Any CPU
		{AB87052D-A018-40D6-AD76-22A739A82CE9}.Release|Any CPU.Build.0 = Release|Any CPU
		{025F87ED-6BE5-4C38-8564-4AAE4AF1B321}.Debug|Any CPU.ActiveCfg = Debug|Any CPU
		{025F87ED-6BE5-4C38-8564-4AAE4AF1B321}.Debug|Any CPU.Build.0 = Debug|Any CPU
		{025F87ED-6BE5-4C38-8564-4AAE4AF1B321}.Release|Any CPU.ActiveCfg = Release|Any CPU
		{025F87ED-6BE5-4C38-8564-4AAE4AF1B321}.Release|Any CPU.Build.0 = Release|Any CPU
		{DD9E132C-E4B7-44F3-A80E-DA1B81A4D7CA}.Debug|Any CPU.ActiveCfg = Debug|Any CPU
		{DD9E132C-E4B7-44F3-A80E-DA1B81A4D7CA}.Debug|Any CPU.Build.0 = Debug|Any CPU
		{DD9E132C-E4B7-44F3-A80E-DA1B81A4D7CA}.Release|Any CPU.ActiveCfg = Release|Any CPU
		{DD9E132C-E4B7-44F3-A80E-DA1B81A4D7CA}.Release|Any CPU.Build.0 = Release|Any CPU
		{3584FC0B-9A76-4D99-99D6-CF2E5DF37825}.Debug|Any CPU.ActiveCfg = Debug|Any CPU
		{3584FC0B-9A76-4D99-99D6-CF2E5DF37825}.Debug|Any CPU.Build.0 = Debug|Any CPU
		{3584FC0B-9A76-4D99-99D6-CF2E5DF37825}.Release|Any CPU.ActiveCfg = Release|Any CPU
		{3584FC0B-9A76-4D99-99D6-CF2E5DF37825}.Release|Any CPU.Build.0 = Release|Any CPU
		{446F9192-6FCD-451A-973B-890A7722482F}.Debug|Any CPU.ActiveCfg = Debug|Any CPU
		{446F9192-6FCD-451A-973B-890A7722482F}.Debug|Any CPU.Build.0 = Debug|Any CPU
		{446F9192-6FCD-451A-973B-890A7722482F}.Release|Any CPU.ActiveCfg = Release|Any CPU
		{446F9192-6FCD-451A-973B-890A7722482F}.Release|Any CPU.Build.0 = Release|Any CPU
		{4E19F16B-B58E-4AA7-83B5-C2D142601226}.Debug|Any CPU.ActiveCfg = Debug|Any CPU
		{4E19F16B-B58E-4AA7-83B5-C2D142601226}.Debug|Any CPU.Build.0 = Debug|Any CPU
		{4E19F16B-B58E-4AA7-83B5-C2D142601226}.Release|Any CPU.ActiveCfg = Release|Any CPU
		{4E19F16B-B58E-4AA7-83B5-C2D142601226}.Release|Any CPU.Build.0 = Release|Any CPU
		{1EE191EC-16A9-458D-9F9F-9CB087D04576}.Debug|Any CPU.ActiveCfg = Debug|Any CPU
		{1EE191EC-16A9-458D-9F9F-9CB087D04576}.Debug|Any CPU.Build.0 = Debug|Any CPU
		{1EE191EC-16A9-458D-9F9F-9CB087D04576}.Release|Any CPU.ActiveCfg = Release|Any CPU
		{1EE191EC-16A9-458D-9F9F-9CB087D04576}.Release|Any CPU.Build.0 = Release|Any CPU
		{20788514-6D20-4119-8F0F-64347E3DC7B0}.Debug|Any CPU.ActiveCfg = Debug|Any CPU
		{20788514-6D20-4119-8F0F-64347E3DC7B0}.Debug|Any CPU.Build.0 = Debug|Any CPU
		{20788514-6D20-4119-8F0F-64347E3DC7B0}.Release|Any CPU.ActiveCfg = Release|Any CPU
		{20788514-6D20-4119-8F0F-64347E3DC7B0}.Release|Any CPU.Build.0 = Release|Any CPU
		{A7E09AAF-22C4-4158-B04F-F32BE346FAC6}.Debug|Any CPU.ActiveCfg = Debug|Any CPU
		{A7E09AAF-22C4-4158-B04F-F32BE346FAC6}.Debug|Any CPU.Build.0 = Debug|Any CPU
		{A7E09AAF-22C4-4158-B04F-F32BE346FAC6}.Release|Any CPU.ActiveCfg = Release|Any CPU
		{A7E09AAF-22C4-4158-B04F-F32BE346FAC6}.Release|Any CPU.Build.0 = Release|Any CPU
		{2228B998-EEC4-442A-85BD-0E039E06CF1A}.Debug|Any CPU.ActiveCfg = Debug|Any CPU
		{2228B998-EEC4-442A-85BD-0E039E06CF1A}.Debug|Any CPU.Build.0 = Debug|Any CPU
		{2228B998-EEC4-442A-85BD-0E039E06CF1A}.Release|Any CPU.ActiveCfg = Release|Any CPU
		{2228B998-EEC4-442A-85BD-0E039E06CF1A}.Release|Any CPU.Build.0 = Release|Any CPU
		{088EDCFC-D4EC-4D70-AF9E-7F9BF8DE0A1A}.Debug|Any CPU.ActiveCfg = Debug|Any CPU
		{088EDCFC-D4EC-4D70-AF9E-7F9BF8DE0A1A}.Debug|Any CPU.Build.0 = Debug|Any CPU
		{088EDCFC-D4EC-4D70-AF9E-7F9BF8DE0A1A}.Release|Any CPU.ActiveCfg = Release|Any CPU
		{088EDCFC-D4EC-4D70-AF9E-7F9BF8DE0A1A}.Release|Any CPU.Build.0 = Release|Any CPU
		{C6C9C762-BFFA-4BFA-9B3C-A60874659ABB}.Debug|Any CPU.ActiveCfg = Debug|Any CPU
		{C6C9C762-BFFA-4BFA-9B3C-A60874659ABB}.Debug|Any CPU.Build.0 = Debug|Any CPU
		{C6C9C762-BFFA-4BFA-9B3C-A60874659ABB}.Release|Any CPU.ActiveCfg = Release|Any CPU
		{C6C9C762-BFFA-4BFA-9B3C-A60874659ABB}.Release|Any CPU.Build.0 = Release|Any CPU
		{6B65D290-3DD9-4A48-B0BD-FC26761AAE8C}.Debug|Any CPU.ActiveCfg = Debug|Any CPU
		{6B65D290-3DD9-4A48-B0BD-FC26761AAE8C}.Debug|Any CPU.Build.0 = Debug|Any CPU
		{6B65D290-3DD9-4A48-B0BD-FC26761AAE8C}.Release|Any CPU.ActiveCfg = Release|Any CPU
		{6B65D290-3DD9-4A48-B0BD-FC26761AAE8C}.Release|Any CPU.Build.0 = Release|Any CPU
		{6068D20C-B13C-42F8-97F5-2C9A2E9CF6D8}.Debug|Any CPU.ActiveCfg = Debug|Any CPU
		{6068D20C-B13C-42F8-97F5-2C9A2E9CF6D8}.Debug|Any CPU.Build.0 = Debug|Any CPU
		{6068D20C-B13C-42F8-97F5-2C9A2E9CF6D8}.Release|Any CPU.ActiveCfg = Release|Any CPU
		{6068D20C-B13C-42F8-97F5-2C9A2E9CF6D8}.Release|Any CPU.Build.0 = Release|Any CPU
		{A866B947-091B-BB6B-E7AB-45598595A6E6}.Debug|Any CPU.ActiveCfg = Debug|Any CPU
		{A866B947-091B-BB6B-E7AB-45598595A6E6}.Debug|Any CPU.Build.0 = Debug|Any CPU
		{A866B947-091B-BB6B-E7AB-45598595A6E6}.Release|Any CPU.ActiveCfg = Release|Any CPU
		{A866B947-091B-BB6B-E7AB-45598595A6E6}.Release|Any CPU.Build.0 = Release|Any CPU
		{F9615B41-F750-C7F2-17BD-CF1C80DFBE2B}.Debug|Any CPU.ActiveCfg = Debug|Any CPU
		{F9615B41-F750-C7F2-17BD-CF1C80DFBE2B}.Debug|Any CPU.Build.0 = Debug|Any CPU
		{F9615B41-F750-C7F2-17BD-CF1C80DFBE2B}.Release|Any CPU.ActiveCfg = Release|Any CPU
		{F9615B41-F750-C7F2-17BD-CF1C80DFBE2B}.Release|Any CPU.Build.0 = Release|Any CPU
		{97CE1C3F-EEB5-CB72-FB0A-D30EDCACCB10}.Debug|Any CPU.ActiveCfg = Debug|Any CPU
		{97CE1C3F-EEB5-CB72-FB0A-D30EDCACCB10}.Debug|Any CPU.Build.0 = Debug|Any CPU
		{97CE1C3F-EEB5-CB72-FB0A-D30EDCACCB10}.Release|Any CPU.ActiveCfg = Release|Any CPU
		{97CE1C3F-EEB5-CB72-FB0A-D30EDCACCB10}.Release|Any CPU.Build.0 = Release|Any CPU
		{6BABA94F-586F-690A-F293-FFB15FAEFC16}.Debug|Any CPU.ActiveCfg = Debug|Any CPU
		{6BABA94F-586F-690A-F293-FFB15FAEFC16}.Debug|Any CPU.Build.0 = Debug|Any CPU
		{6BABA94F-586F-690A-F293-FFB15FAEFC16}.Release|Any CPU.ActiveCfg = Release|Any CPU
		{6BABA94F-586F-690A-F293-FFB15FAEFC16}.Release|Any CPU.Build.0 = Release|Any CPU
		{318CE5AA-DBA9-B9AF-C975-0D7C97A6244B}.Debug|Any CPU.ActiveCfg = Debug|Any CPU
		{318CE5AA-DBA9-B9AF-C975-0D7C97A6244B}.Debug|Any CPU.Build.0 = Debug|Any CPU
		{318CE5AA-DBA9-B9AF-C975-0D7C97A6244B}.Release|Any CPU.ActiveCfg = Release|Any CPU
		{318CE5AA-DBA9-B9AF-C975-0D7C97A6244B}.Release|Any CPU.Build.0 = Release|Any CPU
		{5852BD86-E215-093F-61BD-8919D89CB9AE}.Debug|Any CPU.ActiveCfg = Debug|Any CPU
		{5852BD86-E215-093F-61BD-8919D89CB9AE}.Debug|Any CPU.Build.0 = Debug|Any CPU
		{5852BD86-E215-093F-61BD-8919D89CB9AE}.Release|Any CPU.ActiveCfg = Release|Any CPU
		{5852BD86-E215-093F-61BD-8919D89CB9AE}.Release|Any CPU.Build.0 = Release|Any CPU
		{33B37813-C088-765E-79ED-FC6F2E42C0DF}.Debug|Any CPU.ActiveCfg = Debug|Any CPU
		{33B37813-C088-765E-79ED-FC6F2E42C0DF}.Debug|Any CPU.Build.0 = Debug|Any CPU
		{33B37813-C088-765E-79ED-FC6F2E42C0DF}.Release|Any CPU.ActiveCfg = Release|Any CPU
		{33B37813-C088-765E-79ED-FC6F2E42C0DF}.Release|Any CPU.Build.0 = Release|Any CPU
		{19D12D0B-6AD5-C1D9-4C0F-E6AA39967888}.Debug|Any CPU.ActiveCfg = Debug|Any CPU
		{19D12D0B-6AD5-C1D9-4C0F-E6AA39967888}.Debug|Any CPU.Build.0 = Debug|Any CPU
		{19D12D0B-6AD5-C1D9-4C0F-E6AA39967888}.Release|Any CPU.ActiveCfg = Release|Any CPU
		{19D12D0B-6AD5-C1D9-4C0F-E6AA39967888}.Release|Any CPU.Build.0 = Release|Any CPU
		{48CC11D3-EC70-C216-AA1F-BF8E7C34877A}.Debug|Any CPU.ActiveCfg = Debug|Any CPU
		{48CC11D3-EC70-C216-AA1F-BF8E7C34877A}.Debug|Any CPU.Build.0 = Debug|Any CPU
		{48CC11D3-EC70-C216-AA1F-BF8E7C34877A}.Release|Any CPU.ActiveCfg = Release|Any CPU
		{48CC11D3-EC70-C216-AA1F-BF8E7C34877A}.Release|Any CPU.Build.0 = Release|Any CPU
		{A5DFF489-C84F-F4E0-D54F-06C40AEEA3DC}.Debug|Any CPU.ActiveCfg = Debug|Any CPU
		{A5DFF489-C84F-F4E0-D54F-06C40AEEA3DC}.Debug|Any CPU.Build.0 = Debug|Any CPU
		{A5DFF489-C84F-F4E0-D54F-06C40AEEA3DC}.Release|Any CPU.ActiveCfg = Release|Any CPU
		{A5DFF489-C84F-F4E0-D54F-06C40AEEA3DC}.Release|Any CPU.Build.0 = Release|Any CPU
		{0B28D25F-1772-1E61-9513-4DAB2F521ED5}.Debug|Any CPU.ActiveCfg = Debug|Any CPU
		{0B28D25F-1772-1E61-9513-4DAB2F521ED5}.Debug|Any CPU.Build.0 = Debug|Any CPU
		{0B28D25F-1772-1E61-9513-4DAB2F521ED5}.Release|Any CPU.ActiveCfg = Release|Any CPU
		{0B28D25F-1772-1E61-9513-4DAB2F521ED5}.Release|Any CPU.Build.0 = Release|Any CPU
	EndGlobalSection
	GlobalSection(SolutionProperties) = preSolution
		HideSolutionNode = FALSE
	EndGlobalSection
	GlobalSection(NestedProjects) = preSolution
		{22943F5B-C949-4B7F-A856-E01B0A687204} = {ED6581E4-03F8-4267-A3E8-0CFB93849E1F}
		{901DFD80-944B-49EF-AD7E-38F799A5BB24} = {ED6581E4-03F8-4267-A3E8-0CFB93849E1F}
		{D7671F01-C5FC-4BFF-9E10-F07A5E97D882} = {ED6581E4-03F8-4267-A3E8-0CFB93849E1F}
		{571350C5-9172-4E3C-92C6-DF5C035D19C1} = {ED6581E4-03F8-4267-A3E8-0CFB93849E1F}
		{041C7E79-076F-4085-854E-E26D84A72372} = {ED6581E4-03F8-4267-A3E8-0CFB93849E1F}
		{AB87052D-A018-40D6-AD76-22A739A82CE9} = {22943F5B-C949-4B7F-A856-E01B0A687204}
		{025F87ED-6BE5-4C38-8564-4AAE4AF1B321} = {571350C5-9172-4E3C-92C6-DF5C035D19C1}
		{DD9E132C-E4B7-44F3-A80E-DA1B81A4D7CA} = {571350C5-9172-4E3C-92C6-DF5C035D19C1}
		{3584FC0B-9A76-4D99-99D6-CF2E5DF37825} = {041C7E79-076F-4085-854E-E26D84A72372}
		{446F9192-6FCD-451A-973B-890A7722482F} = {901DFD80-944B-49EF-AD7E-38F799A5BB24}
		{4E19F16B-B58E-4AA7-83B5-C2D142601226} = {901DFD80-944B-49EF-AD7E-38F799A5BB24}
		{1EE191EC-16A9-458D-9F9F-9CB087D04576} = {D7671F01-C5FC-4BFF-9E10-F07A5E97D882}
		{20788514-6D20-4119-8F0F-64347E3DC7B0} = {D7671F01-C5FC-4BFF-9E10-F07A5E97D882}
		{A7E09AAF-22C4-4158-B04F-F32BE346FAC6} = {901DFD80-944B-49EF-AD7E-38F799A5BB24}
		{2228B998-EEC4-442A-85BD-0E039E06CF1A} = {D7671F01-C5FC-4BFF-9E10-F07A5E97D882}
		{088EDCFC-D4EC-4D70-AF9E-7F9BF8DE0A1A} = {D7671F01-C5FC-4BFF-9E10-F07A5E97D882}
		{C6C9C762-BFFA-4BFA-9B3C-A60874659ABB} = {D7671F01-C5FC-4BFF-9E10-F07A5E97D882}
		{6B65D290-3DD9-4A48-B0BD-FC26761AAE8C} = {D7671F01-C5FC-4BFF-9E10-F07A5E97D882}
		{6068D20C-B13C-42F8-97F5-2C9A2E9CF6D8} = {03D6EE20-68A1-4AE0-9CAF-9ABA53B0602A}
		{A866B947-091B-BB6B-E7AB-45598595A6E6} = {03D6EE20-68A1-4AE0-9CAF-9ABA53B0602A}
		{F9615B41-F750-C7F2-17BD-CF1C80DFBE2B} = {03D6EE20-68A1-4AE0-9CAF-9ABA53B0602A}
		{97CE1C3F-EEB5-CB72-FB0A-D30EDCACCB10} = {03D6EE20-68A1-4AE0-9CAF-9ABA53B0602A}
		{6BABA94F-586F-690A-F293-FFB15FAEFC16} = {03D6EE20-68A1-4AE0-9CAF-9ABA53B0602A}
		{318CE5AA-DBA9-B9AF-C975-0D7C97A6244B} = {03D6EE20-68A1-4AE0-9CAF-9ABA53B0602A}
		{5852BD86-E215-093F-61BD-8919D89CB9AE} = {03D6EE20-68A1-4AE0-9CAF-9ABA53B0602A}
		{33B37813-C088-765E-79ED-FC6F2E42C0DF} = {03D6EE20-68A1-4AE0-9CAF-9ABA53B0602A}
		{19D12D0B-6AD5-C1D9-4C0F-E6AA39967888} = {03D6EE20-68A1-4AE0-9CAF-9ABA53B0602A}
		{48CC11D3-EC70-C216-AA1F-BF8E7C34877A} = {03D6EE20-68A1-4AE0-9CAF-9ABA53B0602A}
		{A5DFF489-C84F-F4E0-D54F-06C40AEEA3DC} = {03D6EE20-68A1-4AE0-9CAF-9ABA53B0602A}
		{0B28D25F-1772-1E61-9513-4DAB2F521ED5} = {03D6EE20-68A1-4AE0-9CAF-9ABA53B0602A}
	EndGlobalSection
	GlobalSection(ExtensibilityGlobals) = postSolution
		SolutionGuid = {8E53F813-A13C-4E09-920D-736F0FB3428C}
	EndGlobalSection
EndGlobal
