
Microsoft Visual Studio Solution File, Format Version 12.00
# Visual Studio Version 17
VisualStudioVersion = 17.11.35222.181
MinimumVisualStudioVersion = 10.0.40219.1
Project("{2150E333-8FDC-42A3-9474-1A3956D46DE8}") = "build", "build", "{84CF1180-4F6B-4AC6-BCBD-0AA561FB8963}"
	ProjectSection(SolutionItems) = preProject
		build\common.props = build\common.props
		build\version.props = build\version.props
	EndProjectSection
EndProject
Project("{2150E333-8FDC-42A3-9474-1A3956D46DE8}") = "src", "src", "{ED6581E4-03F8-4267-A3E8-0CFB93849E1F}"
EndProject
Project("{2150E333-8FDC-42A3-9474-1A3956D46DE8}") = "src-platform", "src-platform", "{03D6EE20-68A1-4AE0-9CAF-9ABA53B0602A}"
EndProject
Project("{9A19103F-16F7-4668-BE54-9A1E7A4F7556}") = "KSW.Core", "src\src-platform\KSW.Core\KSW.Core.csproj", "{EB64E0DE-836E-4D12-B3CD-40EBF400AC2C}"
EndProject
Project("{9A19103F-16F7-4668-BE54-9A1E7A4F7556}") = "KSW.Application", "src\src-platform\KSW.Application\KSW.Application.csproj", "{54D98D52-E60A-4C61-B174-7504BF18BAF9}"
EndProject
Project("{9A19103F-16F7-4668-BE54-9A1E7A4F7556}") = "KSW.Aop.AspectCore", "src\src-platform\KSW.Aop.AspectCore\KSW.Aop.AspectCore.csproj", "{C5E4AE88-8B4C-4A71-BDA1-608E6B4DCEC0}"
EndProject
Project("{9A19103F-16F7-4668-BE54-9A1E7A4F7556}") = "KSW.Data.Abstractions", "src\src-platform\KSW.Data.Abstractions\KSW.Data.Abstractions.csproj", "{2FCA729A-A762-4072-B483-80A7A91A26F7}"
EndProject
Project("{9A19103F-16F7-4668-BE54-9A1E7A4F7556}") = "KSW.Data.EntityFrameworkCore", "src\src-platform\KSW.Data.EntityFrameworkCore\KSW.Data.EntityFrameworkCore.csproj", "{9A3568E4-D1C3-425F-8484-EAAA699E1CD1}"
EndProject
Project("{9A19103F-16F7-4668-BE54-9A1E7A4F7556}") = "KSW.Data.EntityFrameworkCore.Sqlite", "src\src-platform\KSW.Data.EntityFrameworkCore.Sqlite\KSW.Data.EntityFrameworkCore.Sqlite.csproj", "{211616B6-7872-4F4D-9ACD-CA177EEF79DD}"
EndProject
Project("{9A19103F-16F7-4668-BE54-9A1E7A4F7556}") = "KSW.Domain", "src\src-platform\KSW.Domain\KSW.Domain.csproj", "{D0FD5E50-15F7-427E-9C25-49BC40F37B2A}"
EndProject
Project("{9A19103F-16F7-4668-BE54-9A1E7A4F7556}") = "KSW.ObjectMapping.AutoMapper", "src\src-platform\KSW.ObjectMapping.AutoMapper\KSW.ObjectMapping.AutoMapper.csproj", "{7DAE9CF0-A2C2-4FB2-9E16-CB1E7CE140F6}"
EndProject
Project("{9A19103F-16F7-4668-BE54-9A1E7A4F7556}") = "KSW.Validators", "src\src-platform\KSW.Validators\KSW.Validators.csproj", "{7FFC492B-E96F-448E-9754-61ECABF476E0}"
EndProject
Project("{9A19103F-16F7-4668-BE54-9A1E7A4F7556}") = "KSW.Data.Core", "src\src-platform\KSW.Data.Core\KSW.Data.Core.csproj", "{326F9EC9-3E8D-414C-AC59-30BD8B05E551}"
EndProject
Project("{2150E333-8FDC-42A3-9474-1A3956D46DE8}") = "01-Presentation", "01-Presentation", "{22943F5B-C949-4B7F-A856-E01B0A687204}"
EndProject
Project("{2150E333-8FDC-42A3-9474-1A3956D46DE8}") = "02-Application", "02-Application", "{901DFD80-944B-49EF-AD7E-38F799A5BB24}"
EndProject
Project("{2150E333-8FDC-42A3-9474-1A3956D46DE8}") = "03-Domain", "03-Domain", "{D7671F01-C5FC-4BFF-9E10-F07A5E97D882}"
EndProject
Project("{2150E333-8FDC-42A3-9474-1A3956D46DE8}") = "04-Infrastructure", "04-Infrastructure", "{571350C5-9172-4E3C-92C6-DF5C035D19C1}"
EndProject
Project("{2150E333-8FDC-42A3-9474-1A3956D46DE8}") = "05-Comman", "05-Comman", "{041C7E79-076F-4085-854E-E26D84A72372}"
EndProject
Project("{9A19103F-16F7-4668-BE54-9A1E7A4F7556}") = "KSW.UI.WPF", "src\src-platform\KSW.UI.WPF\KSW.UI.WPF.csproj", "{CA11D3AD-893F-49C0-9A9D-88CEBEF9175A}"
EndProject
Project("{9A19103F-16F7-4668-BE54-9A1E7A4F7556}") = "KSW.ATE01.Start", "src\KSW.ATE01.Start\KSW.ATE01.Start.csproj", "{AB87052D-A018-40D6-AD76-22A739A82CE9}"
EndProject
Project("{9A19103F-16F7-4668-BE54-9A1E7A4F7556}") = "KSW.ATE01.Data", "src\KSW.ATE01.Data\KSW.ATE01.Data.csproj", "{025F87ED-6BE5-4C38-8564-4AAE4AF1B321}"
EndProject
Project("{9A19103F-16F7-4668-BE54-9A1E7A4F7556}") = "KSW.ATE01.Sqlite", "src\KSW.ATE01.Sqlite\KSW.ATE01.Sqlite.csproj", "{DD9E132C-E4B7-44F3-A80E-DA1B81A4D7CA}"
EndProject
Project("{9A19103F-16F7-4668-BE54-9A1E7A4F7556}") = "KSW.ATE01.Common", "src\KSW.ATE01.Common\KSW.ATE01.Common.csproj", "{3584FC0B-9A76-4D99-99D6-CF2E5DF37825}"
EndProject
Project("{2150E333-8FDC-42A3-9474-1A3956D46DE8}") = "Solution Items", "Solution Items", "{A27A4990-9F45-46FA-AC3F-7B17970295F1}"
	ProjectSection(SolutionItems) = preProject
		.editorconfig = .editorconfig
	EndProjectSection
EndProject
Project("{9A19103F-16F7-4668-BE54-9A1E7A4F7556}") = "KSW.ATE01.Application", "src\KSW.ATE01.Application\KSW.ATE01.Application.csproj", "{446F9192-6FCD-451A-973B-890A7722482F}"
EndProject
Project("{9A19103F-16F7-4668-BE54-9A1E7A4F7556}") = "KSW.ATE01.Application.Models", "src\KSW.ATE01.Application.Models\KSW.ATE01.Application.Models.csproj", "{4E19F16B-B58E-4AA7-83B5-C2D142601226}"
EndProject
Project("{9A19103F-16F7-4668-BE54-9A1E7A4F7556}") = "KSW.ATE01.Domain.Projects", "src\KSW.ATE01.Domain.Projects\KSW.ATE01.Domain.Projects.csproj", "{1EE191EC-16A9-458D-9F9F-9CB087D04576}"
EndProject
Project("{9A19103F-16F7-4668-BE54-9A1E7A4F7556}") = "KSW.ATE01.Domain.Projects.Core", "src\KSW.ATE01.Domain.Projects.Core\KSW.ATE01.Domain.Projects.Core.csproj", "{20788514-6D20-4119-8F0F-64347E3DC7B0}"
EndProject
Project("{9A19103F-16F7-4668-BE54-9A1E7A4F7556}") = "KSW.ATE01.Application.Events", "src\KSW.ATE01.Application.Events\KSW.ATE01.Application.Events.csproj", "{A7E09AAF-22C4-4158-B04F-F32BE346FAC6}"
EndProject
Project("{9A19103F-16F7-4668-BE54-9A1E7A4F7556}") = "KSW.ATE01.Domain.TestPlan", "src\KSW.ATE01.Domain.TestPlan\KSW.ATE01.Domain.TestPlan.csproj", "{2228B998-EEC4-442A-85BD-0E039E06CF1A}"
EndProject
Project("{FAE04EC0-301F-11D3-BF4B-00C04F79EFBC}") = "KSW.ATE01.Domain.TestPlan.Core", "src\KSW.ATE01.Domain.TestPlan.Core\KSW.ATE01.Domain.TestPlan.Core.csproj", "{088EDCFC-D4EC-4D70-AF9E-7F9BF8DE0A1A}"
EndProject
Global
	GlobalSection(SolutionConfigurationPlatforms) = preSolution
		Debug|Any CPU = Debug|Any CPU
		Release|Any CPU = Release|Any CPU
	EndGlobalSection
	GlobalSection(ProjectConfigurationPlatforms) = postSolution
		{EB64E0DE-836E-4D12-B3CD-40EBF400AC2C}.Debug|Any CPU.ActiveCfg = Debug|Any CPU
		{EB64E0DE-836E-4D12-B3CD-40EBF400AC2C}.Debug|Any CPU.Build.0 = Debug|Any CPU
		{EB64E0DE-836E-4D12-B3CD-40EBF400AC2C}.Release|Any CPU.ActiveCfg = Release|Any CPU
		{EB64E0DE-836E-4D12-B3CD-40EBF400AC2C}.Release|Any CPU.Build.0 = Release|Any CPU
		{54D98D52-E60A-4C61-B174-7504BF18BAF9}.Debug|Any CPU.ActiveCfg = Debug|Any CPU
		{54D98D52-E60A-4C61-B174-7504BF18BAF9}.Debug|Any CPU.Build.0 = Debug|Any CPU
		{54D98D52-E60A-4C61-B174-7504BF18BAF9}.Release|Any CPU.ActiveCfg = Release|Any CPU
		{54D98D52-E60A-4C61-B174-7504BF18BAF9}.Release|Any CPU.Build.0 = Release|Any CPU
		{C5E4AE88-8B4C-4A71-BDA1-608E6B4DCEC0}.Debug|Any CPU.ActiveCfg = Debug|Any CPU
		{C5E4AE88-8B4C-4A71-BDA1-608E6B4DCEC0}.Debug|Any CPU.Build.0 = Debug|Any CPU
		{C5E4AE88-8B4C-4A71-BDA1-608E6B4DCEC0}.Release|Any CPU.ActiveCfg = Release|Any CPU
		{C5E4AE88-8B4C-4A71-BDA1-608E6B4DCEC0}.Release|Any CPU.Build.0 = Release|Any CPU
		{2FCA729A-A762-4072-B483-80A7A91A26F7}.Debug|Any CPU.ActiveCfg = Debug|Any CPU
		{2FCA729A-A762-4072-B483-80A7A91A26F7}.Debug|Any CPU.Build.0 = Debug|Any CPU
		{2FCA729A-A762-4072-B483-80A7A91A26F7}.Release|Any CPU.ActiveCfg = Release|Any CPU
		{2FCA729A-A762-4072-B483-80A7A91A26F7}.Release|Any CPU.Build.0 = Release|Any CPU
		{9A3568E4-D1C3-425F-8484-EAAA699E1CD1}.Debug|Any CPU.ActiveCfg = Debug|Any CPU
		{9A3568E4-D1C3-425F-8484-EAAA699E1CD1}.Debug|Any CPU.Build.0 = Debug|Any CPU
		{9A3568E4-D1C3-425F-8484-EAAA699E1CD1}.Release|Any CPU.ActiveCfg = Release|Any CPU
		{9A3568E4-D1C3-425F-8484-EAAA699E1CD1}.Release|Any CPU.Build.0 = Release|Any CPU
		{211616B6-7872-4F4D-9ACD-CA177EEF79DD}.Debug|Any CPU.ActiveCfg = Debug|Any CPU
		{211616B6-7872-4F4D-9ACD-CA177EEF79DD}.Debug|Any CPU.Build.0 = Debug|Any CPU
		{211616B6-7872-4F4D-9ACD-CA177EEF79DD}.Release|Any CPU.ActiveCfg = Release|Any CPU
		{211616B6-7872-4F4D-9ACD-CA177EEF79DD}.Release|Any CPU.Build.0 = Release|Any CPU
		{D0FD5E50-15F7-427E-9C25-49BC40F37B2A}.Debug|Any CPU.ActiveCfg = Debug|Any CPU
		{D0FD5E50-15F7-427E-9C25-49BC40F37B2A}.Debug|Any CPU.Build.0 = Debug|Any CPU
		{D0FD5E50-15F7-427E-9C25-49BC40F37B2A}.Release|Any CPU.ActiveCfg = Release|Any CPU
		{D0FD5E50-15F7-427E-9C25-49BC40F37B2A}.Release|Any CPU.Build.0 = Release|Any CPU
		{7DAE9CF0-A2C2-4FB2-9E16-CB1E7CE140F6}.Debug|Any CPU.ActiveCfg = Debug|Any CPU
		{7DAE9CF0-A2C2-4FB2-9E16-CB1E7CE140F6}.Debug|Any CPU.Build.0 = Debug|Any CPU
		{7DAE9CF0-A2C2-4FB2-9E16-CB1E7CE140F6}.Release|Any CPU.ActiveCfg = Release|Any CPU
		{7DAE9CF0-A2C2-4FB2-9E16-CB1E7CE140F6}.Release|Any CPU.Build.0 = Release|Any CPU
		{7FFC492B-E96F-448E-9754-61ECABF476E0}.Debug|Any CPU.ActiveCfg = Debug|Any CPU
		{7FFC492B-E96F-448E-9754-61ECABF476E0}.Debug|Any CPU.Build.0 = Debug|Any CPU
		{7FFC492B-E96F-448E-9754-61ECABF476E0}.Release|Any CPU.ActiveCfg = Release|Any CPU
		{7FFC492B-E96F-448E-9754-61ECABF476E0}.Release|Any CPU.Build.0 = Release|Any CPU
		{326F9EC9-3E8D-414C-AC59-30BD8B05E551}.Debug|Any CPU.ActiveCfg = Debug|Any CPU
		{326F9EC9-3E8D-414C-AC59-30BD8B05E551}.Debug|Any CPU.Build.0 = Debug|Any CPU
		{326F9EC9-3E8D-414C-AC59-30BD8B05E551}.Release|Any CPU.ActiveCfg = Release|Any CPU
		{326F9EC9-3E8D-414C-AC59-30BD8B05E551}.Release|Any CPU.Build.0 = Release|Any CPU
		{CA11D3AD-893F-49C0-9A9D-88CEBEF9175A}.Debug|Any CPU.ActiveCfg = Debug|Any CPU
		{CA11D3AD-893F-49C0-9A9D-88CEBEF9175A}.Debug|Any CPU.Build.0 = Debug|Any CPU
		{CA11D3AD-893F-49C0-9A9D-88CEBEF9175A}.Release|Any CPU.ActiveCfg = Release|Any CPU
		{CA11D3AD-893F-49C0-9A9D-88CEBEF9175A}.Release|Any CPU.Build.0 = Release|Any CPU
		{AB87052D-A018-40D6-AD76-22A739A82CE9}.Debug|Any CPU.ActiveCfg = Debug|Any CPU
		{AB87052D-A018-40D6-AD76-22A739A82CE9}.Debug|Any CPU.Build.0 = Debug|Any CPU
		{AB87052D-A018-40D6-AD76-22A739A82CE9}.Release|Any CPU.ActiveCfg = Release|Any CPU
		{AB87052D-A018-40D6-AD76-22A739A82CE9}.Release|Any CPU.Build.0 = Release|Any CPU
		{025F87ED-6BE5-4C38-8564-4AAE4AF1B321}.Debug|Any CPU.ActiveCfg = Debug|Any CPU
		{025F87ED-6BE5-4C38-8564-4AAE4AF1B321}.Debug|Any CPU.Build.0 = Debug|Any CPU
		{025F87ED-6BE5-4C38-8564-4AAE4AF1B321}.Release|Any CPU.ActiveCfg = Release|Any CPU
		{025F87ED-6BE5-4C38-8564-4AAE4AF1B321}.Release|Any CPU.Build.0 = Release|Any CPU
		{DD9E132C-E4B7-44F3-A80E-DA1B81A4D7CA}.Debug|Any CPU.ActiveCfg = Debug|Any CPU
		{DD9E132C-E4B7-44F3-A80E-DA1B81A4D7CA}.Debug|Any CPU.Build.0 = Debug|Any CPU
		{DD9E132C-E4B7-44F3-A80E-DA1B81A4D7CA}.Release|Any CPU.ActiveCfg = Release|Any CPU
		{DD9E132C-E4B7-44F3-A80E-DA1B81A4D7CA}.Release|Any CPU.Build.0 = Release|Any CPU
		{3584FC0B-9A76-4D99-99D6-CF2E5DF37825}.Debug|Any CPU.ActiveCfg = Debug|Any CPU
		{3584FC0B-9A76-4D99-99D6-CF2E5DF37825}.Debug|Any CPU.Build.0 = Debug|Any CPU
		{3584FC0B-9A76-4D99-99D6-CF2E5DF37825}.Release|Any CPU.ActiveCfg = Release|Any CPU
		{3584FC0B-9A76-4D99-99D6-CF2E5DF37825}.Release|Any CPU.Build.0 = Release|Any CPU
		{446F9192-6FCD-451A-973B-890A7722482F}.Debug|Any CPU.ActiveCfg = Debug|Any CPU
		{446F9192-6FCD-451A-973B-890A7722482F}.Debug|Any CPU.Build.0 = Debug|Any CPU
		{446F9192-6FCD-451A-973B-890A7722482F}.Release|Any CPU.ActiveCfg = Release|Any CPU
		{446F9192-6FCD-451A-973B-890A7722482F}.Release|Any CPU.Build.0 = Release|Any CPU
		{4E19F16B-B58E-4AA7-83B5-C2D142601226}.Debug|Any CPU.ActiveCfg = Debug|Any CPU
		{4E19F16B-B58E-4AA7-83B5-C2D142601226}.Debug|Any CPU.Build.0 = Debug|Any CPU
		{4E19F16B-B58E-4AA7-83B5-C2D142601226}.Release|Any CPU.ActiveCfg = Release|Any CPU
		{4E19F16B-B58E-4AA7-83B5-C2D142601226}.Release|Any CPU.Build.0 = Release|Any CPU
		{1EE191EC-16A9-458D-9F9F-9CB087D04576}.Debug|Any CPU.ActiveCfg = Debug|Any CPU
		{1EE191EC-16A9-458D-9F9F-9CB087D04576}.Debug|Any CPU.Build.0 = Debug|Any CPU
		{1EE191EC-16A9-458D-9F9F-9CB087D04576}.Release|Any CPU.ActiveCfg = Release|Any CPU
		{1EE191EC-16A9-458D-9F9F-9CB087D04576}.Release|Any CPU.Build.0 = Release|Any CPU
		{20788514-6D20-4119-8F0F-64347E3DC7B0}.Debug|Any CPU.ActiveCfg = Debug|Any CPU
		{20788514-6D20-4119-8F0F-64347E3DC7B0}.Debug|Any CPU.Build.0 = Debug|Any CPU
		{20788514-6D20-4119-8F0F-64347E3DC7B0}.Release|Any CPU.ActiveCfg = Release|Any CPU
		{20788514-6D20-4119-8F0F-64347E3DC7B0}.Release|Any CPU.Build.0 = Release|Any CPU
		{A7E09AAF-22C4-4158-B04F-F32BE346FAC6}.Debug|Any CPU.ActiveCfg = Debug|Any CPU
		{A7E09AAF-22C4-4158-B04F-F32BE346FAC6}.Debug|Any CPU.Build.0 = Debug|Any CPU
		{A7E09AAF-22C4-4158-B04F-F32BE346FAC6}.Release|Any CPU.ActiveCfg = Release|Any CPU
		{A7E09AAF-22C4-4158-B04F-F32BE346FAC6}.Release|Any CPU.Build.0 = Release|Any CPU
		{2228B998-EEC4-442A-85BD-0E039E06CF1A}.Debug|Any CPU.ActiveCfg = Debug|Any CPU
		{2228B998-EEC4-442A-85BD-0E039E06CF1A}.Debug|Any CPU.Build.0 = Debug|Any CPU
		{2228B998-EEC4-442A-85BD-0E039E06CF1A}.Release|Any CPU.ActiveCfg = Release|Any CPU
		{2228B998-EEC4-442A-85BD-0E039E06CF1A}.Release|Any CPU.Build.0 = Release|Any CPU
		{088EDCFC-D4EC-4D70-AF9E-7F9BF8DE0A1A}.Debug|Any CPU.ActiveCfg = Debug|Any CPU
		{088EDCFC-D4EC-4D70-AF9E-7F9BF8DE0A1A}.Debug|Any CPU.Build.0 = Debug|Any CPU
		{088EDCFC-D4EC-4D70-AF9E-7F9BF8DE0A1A}.Release|Any CPU.ActiveCfg = Release|Any CPU
		{088EDCFC-D4EC-4D70-AF9E-7F9BF8DE0A1A}.Release|Any CPU.Build.0 = Release|Any CPU
	EndGlobalSection
	GlobalSection(SolutionProperties) = preSolution
		HideSolutionNode = FALSE
	EndGlobalSection
	GlobalSection(NestedProjects) = preSolution
		{EB64E0DE-836E-4D12-B3CD-40EBF400AC2C} = {03D6EE20-68A1-4AE0-9CAF-9ABA53B0602A}
		{54D98D52-E60A-4C61-B174-7504BF18BAF9} = {03D6EE20-68A1-4AE0-9CAF-9ABA53B0602A}
		{C5E4AE88-8B4C-4A71-BDA1-608E6B4DCEC0} = {03D6EE20-68A1-4AE0-9CAF-9ABA53B0602A}
		{2FCA729A-A762-4072-B483-80A7A91A26F7} = {03D6EE20-68A1-4AE0-9CAF-9ABA53B0602A}
		{9A3568E4-D1C3-425F-8484-EAAA699E1CD1} = {03D6EE20-68A1-4AE0-9CAF-9ABA53B0602A}
		{211616B6-7872-4F4D-9ACD-CA177EEF79DD} = {03D6EE20-68A1-4AE0-9CAF-9ABA53B0602A}
		{D0FD5E50-15F7-427E-9C25-49BC40F37B2A} = {03D6EE20-68A1-4AE0-9CAF-9ABA53B0602A}
		{7DAE9CF0-A2C2-4FB2-9E16-CB1E7CE140F6} = {03D6EE20-68A1-4AE0-9CAF-9ABA53B0602A}
		{7FFC492B-E96F-448E-9754-61ECABF476E0} = {03D6EE20-68A1-4AE0-9CAF-9ABA53B0602A}
		{326F9EC9-3E8D-414C-AC59-30BD8B05E551} = {03D6EE20-68A1-4AE0-9CAF-9ABA53B0602A}
		{22943F5B-C949-4B7F-A856-E01B0A687204} = {ED6581E4-03F8-4267-A3E8-0CFB93849E1F}
		{901DFD80-944B-49EF-AD7E-38F799A5BB24} = {ED6581E4-03F8-4267-A3E8-0CFB93849E1F}
		{D7671F01-C5FC-4BFF-9E10-F07A5E97D882} = {ED6581E4-03F8-4267-A3E8-0CFB93849E1F}
		{571350C5-9172-4E3C-92C6-DF5C035D19C1} = {ED6581E4-03F8-4267-A3E8-0CFB93849E1F}
		{041C7E79-076F-4085-854E-E26D84A72372} = {ED6581E4-03F8-4267-A3E8-0CFB93849E1F}
		{CA11D3AD-893F-49C0-9A9D-88CEBEF9175A} = {03D6EE20-68A1-4AE0-9CAF-9ABA53B0602A}
		{AB87052D-A018-40D6-AD76-22A739A82CE9} = {22943F5B-C949-4B7F-A856-E01B0A687204}
		{025F87ED-6BE5-4C38-8564-4AAE4AF1B321} = {571350C5-9172-4E3C-92C6-DF5C035D19C1}
		{DD9E132C-E4B7-44F3-A80E-DA1B81A4D7CA} = {571350C5-9172-4E3C-92C6-DF5C035D19C1}
		{3584FC0B-9A76-4D99-99D6-CF2E5DF37825} = {041C7E79-076F-4085-854E-E26D84A72372}
		{446F9192-6FCD-451A-973B-890A7722482F} = {901DFD80-944B-49EF-AD7E-38F799A5BB24}
		{4E19F16B-B58E-4AA7-83B5-C2D142601226} = {901DFD80-944B-49EF-AD7E-38F799A5BB24}
		{1EE191EC-16A9-458D-9F9F-9CB087D04576} = {D7671F01-C5FC-4BFF-9E10-F07A5E97D882}
		{20788514-6D20-4119-8F0F-64347E3DC7B0} = {D7671F01-C5FC-4BFF-9E10-F07A5E97D882}
		{A7E09AAF-22C4-4158-B04F-F32BE346FAC6} = {901DFD80-944B-49EF-AD7E-38F799A5BB24}
		{2228B998-EEC4-442A-85BD-0E039E06CF1A} = {D7671F01-C5FC-4BFF-9E10-F07A5E97D882}
		{088EDCFC-D4EC-4D70-AF9E-7F9BF8DE0A1A} = {D7671F01-C5FC-4BFF-9E10-F07A5E97D882}
	EndGlobalSection
	GlobalSection(ExtensibilityGlobals) = postSolution
		SolutionGuid = {8E53F813-A13C-4E09-920D-736F0FB3428C}
	EndGlobalSection
EndGlobal
