
Microsoft Visual Studio Solution File, Format Version 12.00
# Visual Studio Version 17
VisualStudioVersion = 17.12.35527.113
MinimumVisualStudioVersion = 10.0.40219.1
Project("{FAE04EC0-301F-11D3-BF4B-00C04F79EFBC}") = "KSW.ATE01.Instrument.IO", "KSW.ATE01.Instrument.IO.csproj", "{50BB2A3C-DE10-4D11-9C45-FD7EFFC19FA6}"
EndProject
Project("{FAE04EC0-301F-11D3-BF4B-00C04F79EFBC}") = "KSW.ATE01.Project.Base", "..\KSW.ATE01.Project.Base\KSW.ATE01.Project.Base.csproj", "{F2EFAC85-E7A5-4A6F-B2B4-1A6243753CCE}"
EndProject
Global
	GlobalSection(SolutionConfigurationPlatforms) = preSolution
		Debug|Any CPU = Debug|Any CPU
		Release|Any CPU = Release|Any CPU
	EndGlobalSection
	GlobalSection(ProjectConfigurationPlatforms) = postSolution
		{50BB2A3C-DE10-4D11-9C45-FD7EFFC19FA6}.Debug|Any CPU.ActiveCfg = Debug|Any CPU
		{50BB2A3C-DE10-4D11-9C45-FD7EFFC19FA6}.Debug|Any CPU.Build.0 = Debug|Any CPU
		{50BB2A3C-DE10-4D11-9C45-FD7EFFC19FA6}.Release|Any CPU.ActiveCfg = Release|Any CPU
		{50BB2A3C-DE10-4D11-9C45-FD7EFFC19FA6}.Release|Any CPU.Build.0 = Release|Any CPU
		{F2EFAC85-E7A5-4A6F-B2B4-1A6243753CCE}.Debug|Any CPU.ActiveCfg = Debug|Any CPU
		{F2EFAC85-E7A5-4A6F-B2B4-1A6243753CCE}.Debug|Any CPU.Build.0 = Debug|Any CPU
		{F2EFAC85-E7A5-4A6F-B2B4-1A6243753CCE}.Release|Any CPU.ActiveCfg = Release|Any CPU
		{F2EFAC85-E7A5-4A6F-B2B4-1A6243753CCE}.Release|Any CPU.Build.0 = Release|Any CPU
	EndGlobalSection
	GlobalSection(SolutionProperties) = preSolution
		HideSolutionNode = FALSE
	EndGlobalSection
EndGlobal
