
Microsoft Visual Studio Solution File, Format Version 12.00
# Visual Studio Version 17
VisualStudioVersion = 17.12.35527.113 d17.12
MinimumVisualStudioVersion = 10.0.40219.1
Project("{FAE04EC0-301F-11D3-BF4B-00C04F79EFBC}") = "KSW.ATE01.PatternCompiler.Start", "KSW.ATE01.PatternCompiler.Start\KSW.ATE01.PatternCompiler.Start.csproj", "{4EE333F7-CEF1-4294-86F3-A3EC9163F625}"
EndProject
Project("{2150E333-8FDC-42A3-9474-1A3956D46DE8}") = "src-platform", "src-platform", "{CC3D75E9-5BE5-42EE-BA9F-E08470516B81}"
EndProject
Project("{FAE04EC0-301F-11D3-BF4B-00C04F79EFBC}") = "KSW.Aop.AspectCore", "..\..\src\src-platform\KSW.Aop.AspectCore\KSW.Aop.AspectCore.csproj", "{7364B75A-587E-453C-84CF-14E5F8995370}"
EndProject
Project("{FAE04EC0-301F-11D3-BF4B-00C04F79EFBC}") = "KSW.Application", "..\..\src\src-platform\KSW.Application\KSW.Application.csproj", "{8F2DA8B0-308C-4863-A203-D59EE0C8585F}"
EndProject
Project("{FAE04EC0-301F-11D3-BF4B-00C04F79EFBC}") = "KSW.Core", "..\..\src\src-platform\KSW.Core\KSW.Core.csproj", "{83E94D29-DAC0-4C4A-AEE5-1FEDFE3928B4}"
EndProject
Project("{FAE04EC0-301F-11D3-BF4B-00C04F79EFBC}") = "KSW.Data.Abstractions", "..\..\src\src-platform\KSW.Data.Abstractions\KSW.Data.Abstractions.csproj", "{7A47AC1B-1375-4C33-B9B0-F7C4E5FA35B7}"
EndProject
Project("{FAE04EC0-301F-11D3-BF4B-00C04F79EFBC}") = "KSW.Data.Core", "..\..\src\src-platform\KSW.Data.Core\KSW.Data.Core.csproj", "{5E884070-8DD8-40D7-9272-61ED6D2C0BB7}"
EndProject
Project("{FAE04EC0-301F-11D3-BF4B-00C04F79EFBC}") = "KSW.Data.EntityFrameworkCore", "..\..\src\src-platform\KSW.Data.EntityFrameworkCore\KSW.Data.EntityFrameworkCore.csproj", "{20D98CAC-A6F4-45C3-B97F-86C94F4CC9D4}"
EndProject
Project("{FAE04EC0-301F-11D3-BF4B-00C04F79EFBC}") = "KSW.Data.EntityFrameworkCore.Sqlite", "..\..\src\src-platform\KSW.Data.EntityFrameworkCore.Sqlite\KSW.Data.EntityFrameworkCore.Sqlite.csproj", "{595EB291-92F3-4E93-9EC6-4A59D7879C2E}"
EndProject
Project("{FAE04EC0-301F-11D3-BF4B-00C04F79EFBC}") = "KSW.Domain", "..\..\src\src-platform\KSW.Domain\KSW.Domain.csproj", "{BE5DAA6F-113D-4738-BD47-F565F676D1C8}"
EndProject
Project("{FAE04EC0-301F-11D3-BF4B-00C04F79EFBC}") = "KSW.Migrations", "..\..\src\src-platform\KSW.Migrations\KSW.Migrations.csproj", "{D7C05AE0-15E2-4F66-9DDC-C1FD5EC49818}"
EndProject
Project("{FAE04EC0-301F-11D3-BF4B-00C04F79EFBC}") = "KSW.ObjectMapping.AutoMapper", "..\..\src\src-platform\KSW.ObjectMapping.AutoMapper\KSW.ObjectMapping.AutoMapper.csproj", "{A13F8D1F-6507-4314-B926-E1D850A93F75}"
EndProject
Project("{FAE04EC0-301F-11D3-BF4B-00C04F79EFBC}") = "KSW.UI.WPF", "..\..\src\src-platform\KSW.UI.WPF\KSW.UI.WPF.csproj", "{B308788E-251E-47FF-BA3D-ED346AD34D7B}"
EndProject
Project("{FAE04EC0-301F-11D3-BF4B-00C04F79EFBC}") = "KSW.Validators", "..\..\src\src-platform\KSW.Validators\KSW.Validators.csproj", "{5D0A05D1-0675-4F6A-8692-5EA09DA66F85}"
EndProject
Global
	GlobalSection(SolutionConfigurationPlatforms) = preSolution
		Debug|Any CPU = Debug|Any CPU
		Release|Any CPU = Release|Any CPU
	EndGlobalSection
	GlobalSection(ProjectConfigurationPlatforms) = postSolution
		{4EE333F7-CEF1-4294-86F3-A3EC9163F625}.Debug|Any CPU.ActiveCfg = Debug|Any CPU
		{4EE333F7-CEF1-4294-86F3-A3EC9163F625}.Debug|Any CPU.Build.0 = Debug|Any CPU
		{4EE333F7-CEF1-4294-86F3-A3EC9163F625}.Release|Any CPU.ActiveCfg = Release|Any CPU
		{4EE333F7-CEF1-4294-86F3-A3EC9163F625}.Release|Any CPU.Build.0 = Release|Any CPU
		{7364B75A-587E-453C-84CF-14E5F8995370}.Debug|Any CPU.ActiveCfg = Debug|Any CPU
		{7364B75A-587E-453C-84CF-14E5F8995370}.Debug|Any CPU.Build.0 = Debug|Any CPU
		{7364B75A-587E-453C-84CF-14E5F8995370}.Release|Any CPU.ActiveCfg = Release|Any CPU
		{7364B75A-587E-453C-84CF-14E5F8995370}.Release|Any CPU.Build.0 = Release|Any CPU
		{8F2DA8B0-308C-4863-A203-D59EE0C8585F}.Debug|Any CPU.ActiveCfg = Debug|Any CPU
		{8F2DA8B0-308C-4863-A203-D59EE0C8585F}.Debug|Any CPU.Build.0 = Debug|Any CPU
		{8F2DA8B0-308C-4863-A203-D59EE0C8585F}.Release|Any CPU.ActiveCfg = Release|Any CPU
		{8F2DA8B0-308C-4863-A203-D59EE0C8585F}.Release|Any CPU.Build.0 = Release|Any CPU
		{83E94D29-DAC0-4C4A-AEE5-1FEDFE3928B4}.Debug|Any CPU.ActiveCfg = Debug|Any CPU
		{83E94D29-DAC0-4C4A-AEE5-1FEDFE3928B4}.Debug|Any CPU.Build.0 = Debug|Any CPU
		{83E94D29-DAC0-4C4A-AEE5-1FEDFE3928B4}.Release|Any CPU.ActiveCfg = Release|Any CPU
		{83E94D29-DAC0-4C4A-AEE5-1FEDFE3928B4}.Release|Any CPU.Build.0 = Release|Any CPU
		{7A47AC1B-1375-4C33-B9B0-F7C4E5FA35B7}.Debug|Any CPU.ActiveCfg = Debug|Any CPU
		{7A47AC1B-1375-4C33-B9B0-F7C4E5FA35B7}.Debug|Any CPU.Build.0 = Debug|Any CPU
		{7A47AC1B-1375-4C33-B9B0-F7C4E5FA35B7}.Release|Any CPU.ActiveCfg = Release|Any CPU
		{7A47AC1B-1375-4C33-B9B0-F7C4E5FA35B7}.Release|Any CPU.Build.0 = Release|Any CPU
		{5E884070-8DD8-40D7-9272-61ED6D2C0BB7}.Debug|Any CPU.ActiveCfg = Debug|Any CPU
		{5E884070-8DD8-40D7-9272-61ED6D2C0BB7}.Debug|Any CPU.Build.0 = Debug|Any CPU
		{5E884070-8DD8-40D7-9272-61ED6D2C0BB7}.Release|Any CPU.ActiveCfg = Release|Any CPU
		{5E884070-8DD8-40D7-9272-61ED6D2C0BB7}.Release|Any CPU.Build.0 = Release|Any CPU
		{20D98CAC-A6F4-45C3-B97F-86C94F4CC9D4}.Debug|Any CPU.ActiveCfg = Debug|Any CPU
		{20D98CAC-A6F4-45C3-B97F-86C94F4CC9D4}.Debug|Any CPU.Build.0 = Debug|Any CPU
		{20D98CAC-A6F4-45C3-B97F-86C94F4CC9D4}.Release|Any CPU.ActiveCfg = Release|Any CPU
		{20D98CAC-A6F4-45C3-B97F-86C94F4CC9D4}.Release|Any CPU.Build.0 = Release|Any CPU
		{595EB291-92F3-4E93-9EC6-4A59D7879C2E}.Debug|Any CPU.ActiveCfg = Debug|Any CPU
		{595EB291-92F3-4E93-9EC6-4A59D7879C2E}.Debug|Any CPU.Build.0 = Debug|Any CPU
		{595EB291-92F3-4E93-9EC6-4A59D7879C2E}.Release|Any CPU.ActiveCfg = Release|Any CPU
		{595EB291-92F3-4E93-9EC6-4A59D7879C2E}.Release|Any CPU.Build.0 = Release|Any CPU
		{BE5DAA6F-113D-4738-BD47-F565F676D1C8}.Debug|Any CPU.ActiveCfg = Debug|Any CPU
		{BE5DAA6F-113D-4738-BD47-F565F676D1C8}.Debug|Any CPU.Build.0 = Debug|Any CPU
		{BE5DAA6F-113D-4738-BD47-F565F676D1C8}.Release|Any CPU.ActiveCfg = Release|Any CPU
		{BE5DAA6F-113D-4738-BD47-F565F676D1C8}.Release|Any CPU.Build.0 = Release|Any CPU
		{D7C05AE0-15E2-4F66-9DDC-C1FD5EC49818}.Debug|Any CPU.ActiveCfg = Debug|Any CPU
		{D7C05AE0-15E2-4F66-9DDC-C1FD5EC49818}.Debug|Any CPU.Build.0 = Debug|Any CPU
		{D7C05AE0-15E2-4F66-9DDC-C1FD5EC49818}.Release|Any CPU.ActiveCfg = Release|Any CPU
		{D7C05AE0-15E2-4F66-9DDC-C1FD5EC49818}.Release|Any CPU.Build.0 = Release|Any CPU
		{A13F8D1F-6507-4314-B926-E1D850A93F75}.Debug|Any CPU.ActiveCfg = Debug|Any CPU
		{A13F8D1F-6507-4314-B926-E1D850A93F75}.Debug|Any CPU.Build.0 = Debug|Any CPU
		{A13F8D1F-6507-4314-B926-E1D850A93F75}.Release|Any CPU.ActiveCfg = Release|Any CPU
		{A13F8D1F-6507-4314-B926-E1D850A93F75}.Release|Any CPU.Build.0 = Release|Any CPU
		{B308788E-251E-47FF-BA3D-ED346AD34D7B}.Debug|Any CPU.ActiveCfg = Debug|Any CPU
		{B308788E-251E-47FF-BA3D-ED346AD34D7B}.Debug|Any CPU.Build.0 = Debug|Any CPU
		{B308788E-251E-47FF-BA3D-ED346AD34D7B}.Release|Any CPU.ActiveCfg = Release|Any CPU
		{B308788E-251E-47FF-BA3D-ED346AD34D7B}.Release|Any CPU.Build.0 = Release|Any CPU
		{5D0A05D1-0675-4F6A-8692-5EA09DA66F85}.Debug|Any CPU.ActiveCfg = Debug|Any CPU
		{5D0A05D1-0675-4F6A-8692-5EA09DA66F85}.Debug|Any CPU.Build.0 = Debug|Any CPU
		{5D0A05D1-0675-4F6A-8692-5EA09DA66F85}.Release|Any CPU.ActiveCfg = Release|Any CPU
		{5D0A05D1-0675-4F6A-8692-5EA09DA66F85}.Release|Any CPU.Build.0 = Release|Any CPU
	EndGlobalSection
	GlobalSection(SolutionProperties) = preSolution
		HideSolutionNode = FALSE
	EndGlobalSection
	GlobalSection(NestedProjects) = preSolution
		{7364B75A-587E-453C-84CF-14E5F8995370} = {CC3D75E9-5BE5-42EE-BA9F-E08470516B81}
		{8F2DA8B0-308C-4863-A203-D59EE0C8585F} = {CC3D75E9-5BE5-42EE-BA9F-E08470516B81}
		{83E94D29-DAC0-4C4A-AEE5-1FEDFE3928B4} = {CC3D75E9-5BE5-42EE-BA9F-E08470516B81}
		{7A47AC1B-1375-4C33-B9B0-F7C4E5FA35B7} = {CC3D75E9-5BE5-42EE-BA9F-E08470516B81}
		{5E884070-8DD8-40D7-9272-61ED6D2C0BB7} = {CC3D75E9-5BE5-42EE-BA9F-E08470516B81}
		{20D98CAC-A6F4-45C3-B97F-86C94F4CC9D4} = {CC3D75E9-5BE5-42EE-BA9F-E08470516B81}
		{595EB291-92F3-4E93-9EC6-4A59D7879C2E} = {CC3D75E9-5BE5-42EE-BA9F-E08470516B81}
		{BE5DAA6F-113D-4738-BD47-F565F676D1C8} = {CC3D75E9-5BE5-42EE-BA9F-E08470516B81}
		{D7C05AE0-15E2-4F66-9DDC-C1FD5EC49818} = {CC3D75E9-5BE5-42EE-BA9F-E08470516B81}
		{A13F8D1F-6507-4314-B926-E1D850A93F75} = {CC3D75E9-5BE5-42EE-BA9F-E08470516B81}
		{B308788E-251E-47FF-BA3D-ED346AD34D7B} = {CC3D75E9-5BE5-42EE-BA9F-E08470516B81}
		{5D0A05D1-0675-4F6A-8692-5EA09DA66F85} = {CC3D75E9-5BE5-42EE-BA9F-E08470516B81}
	EndGlobalSection
EndGlobal
