
Microsoft Visual Studio Solution File, Format Version 12.00
# Visual Studio Version 17
VisualStudioVersion = 17.12.35527.113
MinimumVisualStudioVersion = 10.0.40219.1
Project("{2150E333-8FDC-42A3-9474-1A3956D46DE8}") = "build", "build", "{C79D560B-A62E-4008-8295-5CD7C34D94AE}"
	ProjectSection(SolutionItems) = preProject
		..\..\build\common.props = ..\..\build\common.props
		..\..\build\version.props = ..\..\build\version.props
	EndProjectSection
EndProject
Project("{2150E333-8FDC-42A3-9474-1A3956D46DE8}") = "src", "src", "{4928E7B4-46A2-4099-83C6-6564665283B3}"
EndProject
Project("{2150E333-8FDC-42A3-9474-1A3956D46DE8}") = "01-Presentation", "01-Presentation", "{2C518C40-E89A-448F-A9DB-AFA8DAB1FF13}"
EndProject
Project("{2150E333-8FDC-42A3-9474-1A3956D46DE8}") = "02-Application", "02-Application", "{B549DE27-CA83-4720-855A-E7E4E99E1F73}"
EndProject
Project("{2150E333-8FDC-42A3-9474-1A3956D46DE8}") = "03-Domain", "03-Domain", "{657C7CA2-87C4-46E3-B16F-74575FB55BFF}"
EndProject
Project("{2150E333-8FDC-42A3-9474-1A3956D46DE8}") = "src-platform", "src-platform", "{D57FE10C-D258-4B51-8E5E-6AD7FEC52432}"
EndProject
Project("{FAE04EC0-301F-11D3-BF4B-00C04F79EFBC}") = "KSW.Core", "..\..\src\src-platform\KSW.Core\KSW.Core.csproj", "{E964FB6A-ED88-4B3B-BC37-19654E8EE50C}"
EndProject
Project("{FAE04EC0-301F-11D3-BF4B-00C04F79EFBC}") = "KSW.Application", "..\..\src\src-platform\KSW.Application\KSW.Application.csproj", "{C626710E-B9AD-4FFC-AAB6-8F85BB3848D0}"
EndProject
Project("{FAE04EC0-301F-11D3-BF4B-00C04F79EFBC}") = "KSW.Aop.AspectCore", "..\..\src\src-platform\KSW.Aop.AspectCore\KSW.Aop.AspectCore.csproj", "{B3199D57-B38B-4C39-AF10-B88E2CD3F7AF}"
EndProject
Project("{FAE04EC0-301F-11D3-BF4B-00C04F79EFBC}") = "KSW.Data.Abstractions", "..\..\src\src-platform\KSW.Data.Abstractions\KSW.Data.Abstractions.csproj", "{E8D76073-79FC-45E6-BCAD-E86A358DD1B5}"
EndProject
Project("{FAE04EC0-301F-11D3-BF4B-00C04F79EFBC}") = "KSW.Data.Core", "..\..\src\src-platform\KSW.Data.Core\KSW.Data.Core.csproj", "{BD40AF1A-F862-4CB1-ACFB-3F4C3991E38A}"
EndProject
Project("{FAE04EC0-301F-11D3-BF4B-00C04F79EFBC}") = "KSW.Data.EntityFrameworkCore", "..\..\src\src-platform\KSW.Data.EntityFrameworkCore\KSW.Data.EntityFrameworkCore.csproj", "{DF574EC7-FF2C-4B09-8BA2-640E25BCE6CC}"
EndProject
Project("{FAE04EC0-301F-11D3-BF4B-00C04F79EFBC}") = "KSW.Data.EntityFrameworkCore.Sqlite", "..\..\src\src-platform\KSW.Data.EntityFrameworkCore.Sqlite\KSW.Data.EntityFrameworkCore.Sqlite.csproj", "{6746C3AF-C4CA-4B07-AA53-9DAF8B3112AF}"
EndProject
Project("{FAE04EC0-301F-11D3-BF4B-00C04F79EFBC}") = "KSW.Domain", "..\..\src\src-platform\KSW.Domain\KSW.Domain.csproj", "{CD28EBF4-F6A5-49FF-99EE-884B0231C094}"
EndProject
Project("{FAE04EC0-301F-11D3-BF4B-00C04F79EFBC}") = "KSW.Migrations", "..\..\src\src-platform\KSW.Migrations\KSW.Migrations.csproj", "{FDE5A2E6-EDEA-47CE-A08C-73F03A824E32}"
EndProject
Project("{FAE04EC0-301F-11D3-BF4B-00C04F79EFBC}") = "KSW.ObjectMapping.AutoMapper", "..\..\src\src-platform\KSW.ObjectMapping.AutoMapper\KSW.ObjectMapping.AutoMapper.csproj", "{4C9EC032-56D7-4992-BC39-9911E221CEAF}"
EndProject
Project("{FAE04EC0-301F-11D3-BF4B-00C04F79EFBC}") = "KSW.UI.WPF", "..\..\src\src-platform\KSW.UI.WPF\KSW.UI.WPF.csproj", "{0C8AC8F0-44D7-474B-BEF6-AAD3679F5BEC}"
EndProject
Project("{FAE04EC0-301F-11D3-BF4B-00C04F79EFBC}") = "KSW.Validators", "..\..\src\src-platform\KSW.Validators\KSW.Validators.csproj", "{C0605205-87F9-4D00-BF53-0385B0DDCCF7}"
EndProject
Project("{FAE04EC0-301F-11D3-BF4B-00C04F79EFBC}") = "KSW.ATE01.PPMU.Start", "KSW.ATE01.PPMU.Start\KSW.ATE01.PPMU.Start.csproj", "{6E597D54-FEF8-4DBC-8175-86D26E0A1F4A}"
EndProject
Project("{FAE04EC0-301F-11D3-BF4B-00C04F79EFBC}") = "KSW.ATE01.PPMU.Application.Models", "KSW.ATE01.PPMU.Application.Models\KSW.ATE01.PPMU.Application.Models.csproj", "{B5503857-7A91-429E-BD55-62470A969443}"
EndProject
Project("{FAE04EC0-301F-11D3-BF4B-00C04F79EFBC}") = "KSW.ATE01.PPMU.Domain.Core", "KSW.ATE01.PPMU.Domain.Core\KSW.ATE01.PPMU.Domain.Core.csproj", "{6D13BDCF-BA8E-4FCC-A33D-AF039DBC54CD}"
EndProject
Global
	GlobalSection(SolutionConfigurationPlatforms) = preSolution
		Debug|Any CPU = Debug|Any CPU
		Release|Any CPU = Release|Any CPU
	EndGlobalSection
	GlobalSection(ProjectConfigurationPlatforms) = postSolution
		{E964FB6A-ED88-4B3B-BC37-19654E8EE50C}.Debug|Any CPU.ActiveCfg = Debug|Any CPU
		{E964FB6A-ED88-4B3B-BC37-19654E8EE50C}.Debug|Any CPU.Build.0 = Debug|Any CPU
		{E964FB6A-ED88-4B3B-BC37-19654E8EE50C}.Release|Any CPU.ActiveCfg = Release|Any CPU
		{E964FB6A-ED88-4B3B-BC37-19654E8EE50C}.Release|Any CPU.Build.0 = Release|Any CPU
		{C626710E-B9AD-4FFC-AAB6-8F85BB3848D0}.Debug|Any CPU.ActiveCfg = Debug|Any CPU
		{C626710E-B9AD-4FFC-AAB6-8F85BB3848D0}.Debug|Any CPU.Build.0 = Debug|Any CPU
		{C626710E-B9AD-4FFC-AAB6-8F85BB3848D0}.Release|Any CPU.ActiveCfg = Release|Any CPU
		{C626710E-B9AD-4FFC-AAB6-8F85BB3848D0}.Release|Any CPU.Build.0 = Release|Any CPU
		{B3199D57-B38B-4C39-AF10-B88E2CD3F7AF}.Debug|Any CPU.ActiveCfg = Debug|Any CPU
		{B3199D57-B38B-4C39-AF10-B88E2CD3F7AF}.Debug|Any CPU.Build.0 = Debug|Any CPU
		{B3199D57-B38B-4C39-AF10-B88E2CD3F7AF}.Release|Any CPU.ActiveCfg = Release|Any CPU
		{B3199D57-B38B-4C39-AF10-B88E2CD3F7AF}.Release|Any CPU.Build.0 = Release|Any CPU
		{E8D76073-79FC-45E6-BCAD-E86A358DD1B5}.Debug|Any CPU.ActiveCfg = Debug|Any CPU
		{E8D76073-79FC-45E6-BCAD-E86A358DD1B5}.Debug|Any CPU.Build.0 = Debug|Any CPU
		{E8D76073-79FC-45E6-BCAD-E86A358DD1B5}.Release|Any CPU.ActiveCfg = Release|Any CPU
		{E8D76073-79FC-45E6-BCAD-E86A358DD1B5}.Release|Any CPU.Build.0 = Release|Any CPU
		{BD40AF1A-F862-4CB1-ACFB-3F4C3991E38A}.Debug|Any CPU.ActiveCfg = Debug|Any CPU
		{BD40AF1A-F862-4CB1-ACFB-3F4C3991E38A}.Debug|Any CPU.Build.0 = Debug|Any CPU
		{BD40AF1A-F862-4CB1-ACFB-3F4C3991E38A}.Release|Any CPU.ActiveCfg = Release|Any CPU
		{BD40AF1A-F862-4CB1-ACFB-3F4C3991E38A}.Release|Any CPU.Build.0 = Release|Any CPU
		{DF574EC7-FF2C-4B09-8BA2-640E25BCE6CC}.Debug|Any CPU.ActiveCfg = Debug|Any CPU
		{DF574EC7-FF2C-4B09-8BA2-640E25BCE6CC}.Debug|Any CPU.Build.0 = Debug|Any CPU
		{DF574EC7-FF2C-4B09-8BA2-640E25BCE6CC}.Release|Any CPU.ActiveCfg = Release|Any CPU
		{DF574EC7-FF2C-4B09-8BA2-640E25BCE6CC}.Release|Any CPU.Build.0 = Release|Any CPU
		{6746C3AF-C4CA-4B07-AA53-9DAF8B3112AF}.Debug|Any CPU.ActiveCfg = Debug|Any CPU
		{6746C3AF-C4CA-4B07-AA53-9DAF8B3112AF}.Debug|Any CPU.Build.0 = Debug|Any CPU
		{6746C3AF-C4CA-4B07-AA53-9DAF8B3112AF}.Release|Any CPU.ActiveCfg = Release|Any CPU
		{6746C3AF-C4CA-4B07-AA53-9DAF8B3112AF}.Release|Any CPU.Build.0 = Release|Any CPU
		{CD28EBF4-F6A5-49FF-99EE-884B0231C094}.Debug|Any CPU.ActiveCfg = Debug|Any CPU
		{CD28EBF4-F6A5-49FF-99EE-884B0231C094}.Debug|Any CPU.Build.0 = Debug|Any CPU
		{CD28EBF4-F6A5-49FF-99EE-884B0231C094}.Release|Any CPU.ActiveCfg = Release|Any CPU
		{CD28EBF4-F6A5-49FF-99EE-884B0231C094}.Release|Any CPU.Build.0 = Release|Any CPU
		{FDE5A2E6-EDEA-47CE-A08C-73F03A824E32}.Debug|Any CPU.ActiveCfg = Debug|Any CPU
		{FDE5A2E6-EDEA-47CE-A08C-73F03A824E32}.Debug|Any CPU.Build.0 = Debug|Any CPU
		{FDE5A2E6-EDEA-47CE-A08C-73F03A824E32}.Release|Any CPU.ActiveCfg = Release|Any CPU
		{FDE5A2E6-EDEA-47CE-A08C-73F03A824E32}.Release|Any CPU.Build.0 = Release|Any CPU
		{4C9EC032-56D7-4992-BC39-9911E221CEAF}.Debug|Any CPU.ActiveCfg = Debug|Any CPU
		{4C9EC032-56D7-4992-BC39-9911E221CEAF}.Debug|Any CPU.Build.0 = Debug|Any CPU
		{4C9EC032-56D7-4992-BC39-9911E221CEAF}.Release|Any CPU.ActiveCfg = Release|Any CPU
		{4C9EC032-56D7-4992-BC39-9911E221CEAF}.Release|Any CPU.Build.0 = Release|Any CPU
		{0C8AC8F0-44D7-474B-BEF6-AAD3679F5BEC}.Debug|Any CPU.ActiveCfg = Debug|Any CPU
		{0C8AC8F0-44D7-474B-BEF6-AAD3679F5BEC}.Debug|Any CPU.Build.0 = Debug|Any CPU
		{0C8AC8F0-44D7-474B-BEF6-AAD3679F5BEC}.Release|Any CPU.ActiveCfg = Release|Any CPU
		{0C8AC8F0-44D7-474B-BEF6-AAD3679F5BEC}.Release|Any CPU.Build.0 = Release|Any CPU
		{C0605205-87F9-4D00-BF53-0385B0DDCCF7}.Debug|Any CPU.ActiveCfg = Debug|Any CPU
		{C0605205-87F9-4D00-BF53-0385B0DDCCF7}.Debug|Any CPU.Build.0 = Debug|Any CPU
		{C0605205-87F9-4D00-BF53-0385B0DDCCF7}.Release|Any CPU.ActiveCfg = Release|Any CPU
		{C0605205-87F9-4D00-BF53-0385B0DDCCF7}.Release|Any CPU.Build.0 = Release|Any CPU
		{6E597D54-FEF8-4DBC-8175-86D26E0A1F4A}.Debug|Any CPU.ActiveCfg = Debug|Any CPU
		{6E597D54-FEF8-4DBC-8175-86D26E0A1F4A}.Debug|Any CPU.Build.0 = Debug|Any CPU
		{6E597D54-FEF8-4DBC-8175-86D26E0A1F4A}.Release|Any CPU.ActiveCfg = Release|Any CPU
		{6E597D54-FEF8-4DBC-8175-86D26E0A1F4A}.Release|Any CPU.Build.0 = Release|Any CPU
		{B5503857-7A91-429E-BD55-62470A969443}.Debug|Any CPU.ActiveCfg = Debug|Any CPU
		{B5503857-7A91-429E-BD55-62470A969443}.Debug|Any CPU.Build.0 = Debug|Any CPU
		{B5503857-7A91-429E-BD55-62470A969443}.Release|Any CPU.ActiveCfg = Release|Any CPU
		{B5503857-7A91-429E-BD55-62470A969443}.Release|Any CPU.Build.0 = Release|Any CPU
		{6D13BDCF-BA8E-4FCC-A33D-AF039DBC54CD}.Debug|Any CPU.ActiveCfg = Debug|Any CPU
		{6D13BDCF-BA8E-4FCC-A33D-AF039DBC54CD}.Debug|Any CPU.Build.0 = Debug|Any CPU
		{6D13BDCF-BA8E-4FCC-A33D-AF039DBC54CD}.Release|Any CPU.ActiveCfg = Release|Any CPU
		{6D13BDCF-BA8E-4FCC-A33D-AF039DBC54CD}.Release|Any CPU.Build.0 = Release|Any CPU
	EndGlobalSection
	GlobalSection(SolutionProperties) = preSolution
		HideSolutionNode = FALSE
	EndGlobalSection
	GlobalSection(NestedProjects) = preSolution
		{2C518C40-E89A-448F-A9DB-AFA8DAB1FF13} = {4928E7B4-46A2-4099-83C6-6564665283B3}
		{B549DE27-CA83-4720-855A-E7E4E99E1F73} = {4928E7B4-46A2-4099-83C6-6564665283B3}
		{657C7CA2-87C4-46E3-B16F-74575FB55BFF} = {4928E7B4-46A2-4099-83C6-6564665283B3}
		{E964FB6A-ED88-4B3B-BC37-19654E8EE50C} = {D57FE10C-D258-4B51-8E5E-6AD7FEC52432}
		{C626710E-B9AD-4FFC-AAB6-8F85BB3848D0} = {D57FE10C-D258-4B51-8E5E-6AD7FEC52432}
		{B3199D57-B38B-4C39-AF10-B88E2CD3F7AF} = {D57FE10C-D258-4B51-8E5E-6AD7FEC52432}
		{E8D76073-79FC-45E6-BCAD-E86A358DD1B5} = {D57FE10C-D258-4B51-8E5E-6AD7FEC52432}
		{BD40AF1A-F862-4CB1-ACFB-3F4C3991E38A} = {D57FE10C-D258-4B51-8E5E-6AD7FEC52432}
		{DF574EC7-FF2C-4B09-8BA2-640E25BCE6CC} = {D57FE10C-D258-4B51-8E5E-6AD7FEC52432}
		{6746C3AF-C4CA-4B07-AA53-9DAF8B3112AF} = {D57FE10C-D258-4B51-8E5E-6AD7FEC52432}
		{CD28EBF4-F6A5-49FF-99EE-884B0231C094} = {D57FE10C-D258-4B51-8E5E-6AD7FEC52432}
		{FDE5A2E6-EDEA-47CE-A08C-73F03A824E32} = {D57FE10C-D258-4B51-8E5E-6AD7FEC52432}
		{4C9EC032-56D7-4992-BC39-9911E221CEAF} = {D57FE10C-D258-4B51-8E5E-6AD7FEC52432}
		{0C8AC8F0-44D7-474B-BEF6-AAD3679F5BEC} = {D57FE10C-D258-4B51-8E5E-6AD7FEC52432}
		{C0605205-87F9-4D00-BF53-0385B0DDCCF7} = {D57FE10C-D258-4B51-8E5E-6AD7FEC52432}
		{6E597D54-FEF8-4DBC-8175-86D26E0A1F4A} = {2C518C40-E89A-448F-A9DB-AFA8DAB1FF13}
		{B5503857-7A91-429E-BD55-62470A969443} = {B549DE27-CA83-4720-855A-E7E4E99E1F73}
		{6D13BDCF-BA8E-4FCC-A33D-AF039DBC54CD} = {657C7CA2-87C4-46E3-B16F-74575FB55BFF}
	EndGlobalSection
EndGlobal
