
Microsoft Visual Studio Solution File, Format Version 12.00
# Visual Studio Version 17
VisualStudioVersion = 17.12.35527.113
MinimumVisualStudioVersion = 10.0.40219.1
Project("{FAE04EC0-301F-11D3-BF4B-00C04F79EFBC}") = "KSW.ATE01.DPS.Start", "KSW.ATE01.DPS.Start\KSW.ATE01.DPS.Start.csproj", "{715ABE9A-7C1B-42D2-8B26-87E731DEE0FC}"
EndProject
Project("{2150E333-8FDC-42A3-9474-1A3956D46DE8}") = "build", "build", "{BFAEEF3A-ACC8-4109-A8F6-D2BFFE5F86BF}"
	ProjectSection(SolutionItems) = preProject
		..\..\build\common.props = ..\..\build\common.props
		..\..\build\version.props = ..\..\build\version.props
	EndProjectSection
EndProject
Project("{2150E333-8FDC-42A3-9474-1A3956D46DE8}") = "src", "src", "{6565F3DC-5CA7-4F6C-BF11-CEFC8FAC0FFC}"
EndProject
Project("{2150E333-8FDC-42A3-9474-1A3956D46DE8}") = "01-Presentation", "01-Presentation", "{AB6018EB-DFAE-41B2-B44E-697B460B3081}"
EndProject
Project("{2150E333-8FDC-42A3-9474-1A3956D46DE8}") = "02-Application", "02-Application", "{6C54B9F6-0F00-4A7B-9CEA-4C099DD51B27}"
EndProject
Project("{2150E333-8FDC-42A3-9474-1A3956D46DE8}") = "03-Domain", "03-Domain", "{4AE489AB-2D37-4AEC-8637-5859074BFED4}"
EndProject
Project("{2150E333-8FDC-42A3-9474-1A3956D46DE8}") = "src-platform", "src-platform", "{64DD5C83-70C4-45C0-8CE4-9C05692903AE}"
EndProject
Project("{FAE04EC0-301F-11D3-BF4B-00C04F79EFBC}") = "KSW.Aop.AspectCore", "..\..\src\src-platform\KSW.Aop.AspectCore\KSW.Aop.AspectCore.csproj", "{AF822E0D-0797-4F11-915C-A59E97839F22}"
EndProject
Project("{FAE04EC0-301F-11D3-BF4B-00C04F79EFBC}") = "KSW.Application", "..\..\src\src-platform\KSW.Application\KSW.Application.csproj", "{AAF7DBC6-69CD-4E1C-AB50-F5C9EFF7D638}"
EndProject
Project("{FAE04EC0-301F-11D3-BF4B-00C04F79EFBC}") = "KSW.Core", "..\..\src\src-platform\KSW.Core\KSW.Core.csproj", "{BD9F59FE-6F3A-484B-9BA8-DC6C802BDE59}"
EndProject
Project("{FAE04EC0-301F-11D3-BF4B-00C04F79EFBC}") = "KSW.Data.Abstractions", "..\..\src\src-platform\KSW.Data.Abstractions\KSW.Data.Abstractions.csproj", "{8874720E-FF99-4338-8EBE-560FC7C3A1BC}"
EndProject
Project("{FAE04EC0-301F-11D3-BF4B-00C04F79EFBC}") = "KSW.Data.Core", "..\..\src\src-platform\KSW.Data.Core\KSW.Data.Core.csproj", "{3582B60B-6555-4DD8-AF4C-A2A103E8C335}"
EndProject
Project("{FAE04EC0-301F-11D3-BF4B-00C04F79EFBC}") = "KSW.Data.EntityFrameworkCore", "..\..\src\src-platform\KSW.Data.EntityFrameworkCore\KSW.Data.EntityFrameworkCore.csproj", "{BC66E849-9DB0-4A41-8F43-43E75E2FFA83}"
EndProject
Project("{FAE04EC0-301F-11D3-BF4B-00C04F79EFBC}") = "KSW.Data.EntityFrameworkCore.Sqlite", "..\..\src\src-platform\KSW.Data.EntityFrameworkCore.Sqlite\KSW.Data.EntityFrameworkCore.Sqlite.csproj", "{5F4E23F9-17AC-4DB0-95CF-6E25070270C2}"
EndProject
Project("{FAE04EC0-301F-11D3-BF4B-00C04F79EFBC}") = "KSW.Domain", "..\..\src\src-platform\KSW.Domain\KSW.Domain.csproj", "{D3CA7E2B-46E8-4DF9-8B7A-8FCC756A2EF6}"
EndProject
Project("{FAE04EC0-301F-11D3-BF4B-00C04F79EFBC}") = "KSW.Migrations", "..\..\src\src-platform\KSW.Migrations\KSW.Migrations.csproj", "{DB8BC8D3-3212-427B-A55F-27A47874D7E1}"
EndProject
Project("{FAE04EC0-301F-11D3-BF4B-00C04F79EFBC}") = "KSW.ObjectMapping.AutoMapper", "..\..\src\src-platform\KSW.ObjectMapping.AutoMapper\KSW.ObjectMapping.AutoMapper.csproj", "{0A15A2CC-50E5-48CB-918F-54F9E25CF325}"
EndProject
Project("{FAE04EC0-301F-11D3-BF4B-00C04F79EFBC}") = "KSW.UI.WPF", "..\..\src\src-platform\KSW.UI.WPF\KSW.UI.WPF.csproj", "{392D5874-A679-4579-835E-E72DB945270F}"
EndProject
Project("{FAE04EC0-301F-11D3-BF4B-00C04F79EFBC}") = "KSW.Validators", "..\..\src\src-platform\KSW.Validators\KSW.Validators.csproj", "{EF32D855-A965-4AC6-A4EE-6D09FDD01A50}"
EndProject
Project("{FAE04EC0-301F-11D3-BF4B-00C04F79EFBC}") = "KSW.ATE01.DPS.Application.Models", "KSW.ATE01.DPS.Application.Models\KSW.ATE01.DPS.Application.Models.csproj", "{40EA3064-A117-40C6-93A4-DD8EC28713D5}"
EndProject
Project("{FAE04EC0-301F-11D3-BF4B-00C04F79EFBC}") = "KSW.ATE01.DPS.Domain.Core", "KSW.ATE01.DPS.Domain.Core\KSW.ATE01.DPS.Domain.Core.csproj", "{ADB59BF6-2847-4AA7-B024-5DAE6B822FE3}"
EndProject
Global
	GlobalSection(SolutionConfigurationPlatforms) = preSolution
		Debug|Any CPU = Debug|Any CPU
		Release|Any CPU = Release|Any CPU
	EndGlobalSection
	GlobalSection(ProjectConfigurationPlatforms) = postSolution
		{715ABE9A-7C1B-42D2-8B26-87E731DEE0FC}.Debug|Any CPU.ActiveCfg = Debug|Any CPU
		{715ABE9A-7C1B-42D2-8B26-87E731DEE0FC}.Debug|Any CPU.Build.0 = Debug|Any CPU
		{715ABE9A-7C1B-42D2-8B26-87E731DEE0FC}.Release|Any CPU.ActiveCfg = Release|Any CPU
		{715ABE9A-7C1B-42D2-8B26-87E731DEE0FC}.Release|Any CPU.Build.0 = Release|Any CPU
		{AF822E0D-0797-4F11-915C-A59E97839F22}.Debug|Any CPU.ActiveCfg = Debug|Any CPU
		{AF822E0D-0797-4F11-915C-A59E97839F22}.Debug|Any CPU.Build.0 = Debug|Any CPU
		{AF822E0D-0797-4F11-915C-A59E97839F22}.Release|Any CPU.ActiveCfg = Release|Any CPU
		{AF822E0D-0797-4F11-915C-A59E97839F22}.Release|Any CPU.Build.0 = Release|Any CPU
		{AAF7DBC6-69CD-4E1C-AB50-F5C9EFF7D638}.Debug|Any CPU.ActiveCfg = Debug|Any CPU
		{AAF7DBC6-69CD-4E1C-AB50-F5C9EFF7D638}.Debug|Any CPU.Build.0 = Debug|Any CPU
		{AAF7DBC6-69CD-4E1C-AB50-F5C9EFF7D638}.Release|Any CPU.ActiveCfg = Release|Any CPU
		{AAF7DBC6-69CD-4E1C-AB50-F5C9EFF7D638}.Release|Any CPU.Build.0 = Release|Any CPU
		{BD9F59FE-6F3A-484B-9BA8-DC6C802BDE59}.Debug|Any CPU.ActiveCfg = Debug|Any CPU
		{BD9F59FE-6F3A-484B-9BA8-DC6C802BDE59}.Debug|Any CPU.Build.0 = Debug|Any CPU
		{BD9F59FE-6F3A-484B-9BA8-DC6C802BDE59}.Release|Any CPU.ActiveCfg = Release|Any CPU
		{BD9F59FE-6F3A-484B-9BA8-DC6C802BDE59}.Release|Any CPU.Build.0 = Release|Any CPU
		{8874720E-FF99-4338-8EBE-560FC7C3A1BC}.Debug|Any CPU.ActiveCfg = Debug|Any CPU
		{8874720E-FF99-4338-8EBE-560FC7C3A1BC}.Debug|Any CPU.Build.0 = Debug|Any CPU
		{8874720E-FF99-4338-8EBE-560FC7C3A1BC}.Release|Any CPU.ActiveCfg = Release|Any CPU
		{8874720E-FF99-4338-8EBE-560FC7C3A1BC}.Release|Any CPU.Build.0 = Release|Any CPU
		{3582B60B-6555-4DD8-AF4C-A2A103E8C335}.Debug|Any CPU.ActiveCfg = Debug|Any CPU
		{3582B60B-6555-4DD8-AF4C-A2A103E8C335}.Debug|Any CPU.Build.0 = Debug|Any CPU
		{3582B60B-6555-4DD8-AF4C-A2A103E8C335}.Release|Any CPU.ActiveCfg = Release|Any CPU
		{3582B60B-6555-4DD8-AF4C-A2A103E8C335}.Release|Any CPU.Build.0 = Release|Any CPU
		{BC66E849-9DB0-4A41-8F43-43E75E2FFA83}.Debug|Any CPU.ActiveCfg = Debug|Any CPU
		{BC66E849-9DB0-4A41-8F43-43E75E2FFA83}.Debug|Any CPU.Build.0 = Debug|Any CPU
		{BC66E849-9DB0-4A41-8F43-43E75E2FFA83}.Release|Any CPU.ActiveCfg = Release|Any CPU
		{BC66E849-9DB0-4A41-8F43-43E75E2FFA83}.Release|Any CPU.Build.0 = Release|Any CPU
		{5F4E23F9-17AC-4DB0-95CF-6E25070270C2}.Debug|Any CPU.ActiveCfg = Debug|Any CPU
		{5F4E23F9-17AC-4DB0-95CF-6E25070270C2}.Debug|Any CPU.Build.0 = Debug|Any CPU
		{5F4E23F9-17AC-4DB0-95CF-6E25070270C2}.Release|Any CPU.ActiveCfg = Release|Any CPU
		{5F4E23F9-17AC-4DB0-95CF-6E25070270C2}.Release|Any CPU.Build.0 = Release|Any CPU
		{D3CA7E2B-46E8-4DF9-8B7A-8FCC756A2EF6}.Debug|Any CPU.ActiveCfg = Debug|Any CPU
		{D3CA7E2B-46E8-4DF9-8B7A-8FCC756A2EF6}.Debug|Any CPU.Build.0 = Debug|Any CPU
		{D3CA7E2B-46E8-4DF9-8B7A-8FCC756A2EF6}.Release|Any CPU.ActiveCfg = Release|Any CPU
		{D3CA7E2B-46E8-4DF9-8B7A-8FCC756A2EF6}.Release|Any CPU.Build.0 = Release|Any CPU
		{DB8BC8D3-3212-427B-A55F-27A47874D7E1}.Debug|Any CPU.ActiveCfg = Debug|Any CPU
		{DB8BC8D3-3212-427B-A55F-27A47874D7E1}.Debug|Any CPU.Build.0 = Debug|Any CPU
		{DB8BC8D3-3212-427B-A55F-27A47874D7E1}.Release|Any CPU.ActiveCfg = Release|Any CPU
		{DB8BC8D3-3212-427B-A55F-27A47874D7E1}.Release|Any CPU.Build.0 = Release|Any CPU
		{0A15A2CC-50E5-48CB-918F-54F9E25CF325}.Debug|Any CPU.ActiveCfg = Debug|Any CPU
		{0A15A2CC-50E5-48CB-918F-54F9E25CF325}.Debug|Any CPU.Build.0 = Debug|Any CPU
		{0A15A2CC-50E5-48CB-918F-54F9E25CF325}.Release|Any CPU.ActiveCfg = Release|Any CPU
		{0A15A2CC-50E5-48CB-918F-54F9E25CF325}.Release|Any CPU.Build.0 = Release|Any CPU
		{392D5874-A679-4579-835E-E72DB945270F}.Debug|Any CPU.ActiveCfg = Debug|Any CPU
		{392D5874-A679-4579-835E-E72DB945270F}.Debug|Any CPU.Build.0 = Debug|Any CPU
		{392D5874-A679-4579-835E-E72DB945270F}.Release|Any CPU.ActiveCfg = Release|Any CPU
		{392D5874-A679-4579-835E-E72DB945270F}.Release|Any CPU.Build.0 = Release|Any CPU
		{EF32D855-A965-4AC6-A4EE-6D09FDD01A50}.Debug|Any CPU.ActiveCfg = Debug|Any CPU
		{EF32D855-A965-4AC6-A4EE-6D09FDD01A50}.Debug|Any CPU.Build.0 = Debug|Any CPU
		{EF32D855-A965-4AC6-A4EE-6D09FDD01A50}.Release|Any CPU.ActiveCfg = Release|Any CPU
		{EF32D855-A965-4AC6-A4EE-6D09FDD01A50}.Release|Any CPU.Build.0 = Release|Any CPU
		{40EA3064-A117-40C6-93A4-DD8EC28713D5}.Debug|Any CPU.ActiveCfg = Debug|Any CPU
		{40EA3064-A117-40C6-93A4-DD8EC28713D5}.Debug|Any CPU.Build.0 = Debug|Any CPU
		{40EA3064-A117-40C6-93A4-DD8EC28713D5}.Release|Any CPU.ActiveCfg = Release|Any CPU
		{40EA3064-A117-40C6-93A4-DD8EC28713D5}.Release|Any CPU.Build.0 = Release|Any CPU
		{ADB59BF6-2847-4AA7-B024-5DAE6B822FE3}.Debug|Any CPU.ActiveCfg = Debug|Any CPU
		{ADB59BF6-2847-4AA7-B024-5DAE6B822FE3}.Debug|Any CPU.Build.0 = Debug|Any CPU
		{ADB59BF6-2847-4AA7-B024-5DAE6B822FE3}.Release|Any CPU.ActiveCfg = Release|Any CPU
		{ADB59BF6-2847-4AA7-B024-5DAE6B822FE3}.Release|Any CPU.Build.0 = Release|Any CPU
	EndGlobalSection
	GlobalSection(SolutionProperties) = preSolution
		HideSolutionNode = FALSE
	EndGlobalSection
	GlobalSection(NestedProjects) = preSolution
		{715ABE9A-7C1B-42D2-8B26-87E731DEE0FC} = {AB6018EB-DFAE-41B2-B44E-697B460B3081}
		{AB6018EB-DFAE-41B2-B44E-697B460B3081} = {6565F3DC-5CA7-4F6C-BF11-CEFC8FAC0FFC}
		{6C54B9F6-0F00-4A7B-9CEA-4C099DD51B27} = {6565F3DC-5CA7-4F6C-BF11-CEFC8FAC0FFC}
		{4AE489AB-2D37-4AEC-8637-5859074BFED4} = {6565F3DC-5CA7-4F6C-BF11-CEFC8FAC0FFC}
		{AF822E0D-0797-4F11-915C-A59E97839F22} = {64DD5C83-70C4-45C0-8CE4-9C05692903AE}
		{AAF7DBC6-69CD-4E1C-AB50-F5C9EFF7D638} = {64DD5C83-70C4-45C0-8CE4-9C05692903AE}
		{BD9F59FE-6F3A-484B-9BA8-DC6C802BDE59} = {64DD5C83-70C4-45C0-8CE4-9C05692903AE}
		{8874720E-FF99-4338-8EBE-560FC7C3A1BC} = {64DD5C83-70C4-45C0-8CE4-9C05692903AE}
		{3582B60B-6555-4DD8-AF4C-A2A103E8C335} = {64DD5C83-70C4-45C0-8CE4-9C05692903AE}
		{BC66E849-9DB0-4A41-8F43-43E75E2FFA83} = {64DD5C83-70C4-45C0-8CE4-9C05692903AE}
		{5F4E23F9-17AC-4DB0-95CF-6E25070270C2} = {64DD5C83-70C4-45C0-8CE4-9C05692903AE}
		{D3CA7E2B-46E8-4DF9-8B7A-8FCC756A2EF6} = {64DD5C83-70C4-45C0-8CE4-9C05692903AE}
		{DB8BC8D3-3212-427B-A55F-27A47874D7E1} = {64DD5C83-70C4-45C0-8CE4-9C05692903AE}
		{0A15A2CC-50E5-48CB-918F-54F9E25CF325} = {64DD5C83-70C4-45C0-8CE4-9C05692903AE}
		{392D5874-A679-4579-835E-E72DB945270F} = {64DD5C83-70C4-45C0-8CE4-9C05692903AE}
		{EF32D855-A965-4AC6-A4EE-6D09FDD01A50} = {64DD5C83-70C4-45C0-8CE4-9C05692903AE}
		{40EA3064-A117-40C6-93A4-DD8EC28713D5} = {6C54B9F6-0F00-4A7B-9CEA-4C099DD51B27}
		{ADB59BF6-2847-4AA7-B024-5DAE6B822FE3} = {4AE489AB-2D37-4AEC-8637-5859074BFED4}
	EndGlobalSection
EndGlobal
